{
  "version": 4,
  "terraform_version": "1.4.4",
  "serial": 44,
  "lineage": "adcf3950-7624-84dc-2156-bec76bbde59f",
  "outputs": {
    "aws_instance_external_ip": {
      "value": "44.238.75.181",
      "type": "string"
    },
    "aws_instance_internal_ip": {
      "value": "172.16.0.100",
      "type": "string"
    },
    "gcp_instance_external_ip": {
      "value": "35.185.229.184",
      "type": "string"
    },
    "gcp_instance_internal_ip": {
      "value": "10.88.0.100",
      "type": "string"
    }
  },
  "resources": [
    {
      "mode": "data",
      "type": "aws_ami",
      "name": "ubuntu",
      "provider": "provider[\"registry.terraform.io/hashicorp/aws\"]",
      "instances": [
        {
          "schema_version": 0,
          "attributes": {
            "architecture": "x86_64",
            "arn": "arn:aws:ec2:us-west-2::image/ami-0688ba7eeeeefe3cd",
            "block_device_mappings": [
              {
                "device_name": "/dev/sda1",
                "ebs": {
                  "delete_on_termination": "true",
                  "encrypted": "false",
                  "iops": "0",
                  "snapshot_id": "snap-067abe06866267757",
                  "throughput": "0",
                  "volume_size": "8",
                  "volume_type": "gp2"
                },
                "no_device": "",
                "virtual_name": ""
              },
              {
                "device_name": "/dev/sdb",
                "ebs": {},
                "no_device": "",
                "virtual_name": "ephemeral0"
              },
              {
                "device_name": "/dev/sdc",
                "ebs": {},
                "no_device": "",
                "virtual_name": "ephemeral1"
              }
            ],
            "boot_mode": "",
            "creation_date": "2021-09-29T08:19:55.000Z",
            "description": "Canonical, Ubuntu, 16.04 LTS, amd64 xenial image build on 2021-09-28",
            "ena_support": true,
            "executable_users": null,
            "filter": [
              {
                "name": "name",
                "values": [
                  "ubuntu/images/hvm-ssd/ubuntu-xenial-16.04-amd64-server-*"
                ]
              },
              {
                "name": "virtualization-type",
                "values": [
                  "hvm"
                ]
              }
            ],
            "hypervisor": "xen",
            "id": "ami-0688ba7eeeeefe3cd",
            "image_id": "ami-0688ba7eeeeefe3cd",
            "image_location": "amazon/ubuntu/images/hvm-ssd/ubuntu-xenial-16.04-amd64-server-20210928",
            "image_owner_alias": "amazon",
            "image_type": "machine",
            "kernel_id": null,
            "most_recent": true,
            "name": "ubuntu/images/hvm-ssd/ubuntu-xenial-16.04-amd64-server-20210928",
            "name_regex": null,
            "owner_id": "099720109477",
            "owners": [
              "099720109477"
            ],
            "platform": null,
            "platform_details": "Linux/UNIX",
            "product_codes": [],
            "public": true,
            "ramdisk_id": null,
            "root_device_name": "/dev/sda1",
            "root_device_type": "ebs",
            "root_snapshot_id": "snap-067abe06866267757",
            "sriov_net_support": "simple",
            "state": "available",
            "state_reason": {
              "code": "UNSET",
              "message": "UNSET"
            },
            "tags": {},
            "usage_operation": "RunInstances",
            "virtualization_type": "hvm"
          },
          "sensitive_attributes": []
        }
      ]
    },
    {
      "mode": "data",
      "type": "google_compute_zones",
      "name": "available",
      "provider": "provider[\"registry.terraform.io/hashicorp/google\"]",
      "instances": [
        {
          "schema_version": 0,
          "attributes": {
            "id": "projects/tcb-gcp-aws-45/regions/us-west1",
            "names": [
              "us-west1-a",
              "us-west1-b",
              "us-west1-c"
            ],
            "project": "tcb-gcp-aws-45",
            "region": "us-west1",
            "status": null
          },
          "sensitive_attributes": []
        }
      ]
    },
    {
      "mode": "managed",
      "type": "aws_customer_gateway",
      "name": "aws-cgw-1",
      "provider": "provider[\"registry.terraform.io/hashicorp/aws\"]",
      "instances": [
        {
          "schema_version": 0,
          "attributes": {
            "arn": "arn:aws:ec2:us-west-2:584594532862:customer-gateway/cgw-04baec7fb1fd555f1",
            "bgp_asn": "65000",
            "certificate_arn": "",
            "device_name": "",
            "id": "cgw-04baec7fb1fd555f1",
            "ip_address": "34.157.119.155",
            "tags": {
              "Name": "aws-customer-gw"
            },
            "tags_all": {
              "Name": "aws-customer-gw"
            },
            "type": "ipsec.1"
          },
          "sensitive_attributes": [],
          "private": "bnVsbA==",
          "dependencies": [
            "google_compute_ha_vpn_gateway.gcp-vpn-gw",
            "google_compute_network.tcb-gcp-network"
          ]
        }
      ]
    },
    {
      "mode": "managed",
      "type": "aws_customer_gateway",
      "name": "aws-cgw-2",
      "provider": "provider[\"registry.terraform.io/hashicorp/aws\"]",
      "instances": [
        {
          "schema_version": 0,
          "attributes": {
            "arn": "arn:aws:ec2:us-west-2:584594532862:customer-gateway/cgw-0704ddf39a5f98f63",
            "bgp_asn": "65000",
            "certificate_arn": "",
            "device_name": "",
            "id": "cgw-0704ddf39a5f98f63",
            "ip_address": "35.220.50.24",
            "tags": {
              "Name": "aws-customer-gw"
            },
            "tags_all": {
              "Name": "aws-customer-gw"
            },
            "type": "ipsec.1"
          },
          "sensitive_attributes": [],
          "private": "bnVsbA==",
          "dependencies": [
            "google_compute_ha_vpn_gateway.gcp-vpn-gw",
            "google_compute_network.tcb-gcp-network"
          ]
        }
      ]
    },
    {
      "mode": "managed",
      "type": "aws_default_route_table",
      "name": "tcb-aws-vpc",
      "provider": "provider[\"registry.terraform.io/hashicorp/aws\"]",
      "instances": [
        {
          "schema_version": 0,
          "attributes": {
            "arn": "arn:aws:ec2:us-west-2:584594532862:route-table/rtb-01328b6e5c9aa8dc2",
            "default_route_table_id": "rtb-01328b6e5c9aa8dc2",
            "id": "rtb-01328b6e5c9aa8dc2",
            "owner_id": "584594532862",
            "propagating_vgws": [
              "vgw-0e091b7a2a688dec8"
            ],
            "route": [
              {
                "cidr_block": "0.0.0.0/0",
                "core_network_arn": "",
                "destination_prefix_list_id": "",
                "egress_only_gateway_id": "",
                "gateway_id": "igw-020b591f0a117ca03",
                "instance_id": "",
                "ipv6_cidr_block": "",
                "nat_gateway_id": "",
                "network_interface_id": "",
                "transit_gateway_id": "",
                "vpc_endpoint_id": "",
                "vpc_peering_connection_id": ""
              }
            ],
            "tags": {},
            "tags_all": {},
            "timeouts": null,
            "vpc_id": "vpc-0e0f1503b243d54a2"
          },
          "sensitive_attributes": [],
          "private": "eyJlMmJmYjczMC1lY2FhLTExZTYtOGY4OC0zNDM2M2JjN2M0YzAiOnsiY3JlYXRlIjoxMjAwMDAwMDAwMDAsInVwZGF0ZSI6MTIwMDAwMDAwMDAwfX0=",
          "dependencies": [
            "aws_internet_gateway.aws-vpc-igw",
            "aws_vpc.tcb-aws-vpc",
            "aws_vpn_gateway.aws-vpn-gw"
          ]
        }
      ]
    },
    {
      "mode": "managed",
      "type": "aws_eip",
      "name": "aws-ip",
      "provider": "provider[\"registry.terraform.io/hashicorp/aws\"]",
      "instances": [
        {
          "schema_version": 0,
          "attributes": {
            "address": null,
            "allocation_id": "eipalloc-0f9199462d8e9b7ad",
            "associate_with_private_ip": "172.16.0.100",
            "association_id": "eipassoc-0d3166051bb50327d",
            "carrier_ip": "",
            "customer_owned_ip": "",
            "customer_owned_ipv4_pool": "",
            "domain": "vpc",
            "id": "eipalloc-0f9199462d8e9b7ad",
            "instance": "i-0e4841df948ca4fa8",
            "network_border_group": "us-west-2",
            "network_interface": "eni-06af850bb6faf677a",
            "private_dns": "ip-172-16-0-100.us-west-2.compute.internal",
            "private_ip": "172.16.0.100",
            "public_dns": "ec2-44-238-75-181.us-west-2.compute.amazonaws.com",
            "public_ip": "44.238.75.181",
            "public_ipv4_pool": "amazon",
            "tags": null,
            "tags_all": {},
            "timeouts": null,
            "vpc": true
          },
          "sensitive_attributes": [],
          "private": "eyJlMmJmYjczMC1lY2FhLTExZTYtOGY4OC0zNDM2M2JjN2M0YzAiOnsiZGVsZXRlIjoxODAwMDAwMDAwMDAsInJlYWQiOjkwMDAwMDAwMDAwMCwidXBkYXRlIjozMDAwMDAwMDAwMDB9fQ==",
          "dependencies": [
            "aws_instance.tcb-aws-vm-01",
            "aws_security_group.aws-allow-icmp",
            "aws_security_group.aws-allow-internet",
            "aws_security_group.aws-allow-ssh",
            "aws_security_group.aws-allow-vpn",
            "aws_subnet.tcb-aws-subnet1",
            "data.aws_ami.ubuntu",
            "google_compute_address.gcp-ip"
          ]
        }
      ]
    },
    {
      "mode": "managed",
      "type": "aws_instance",
      "name": "tcb-aws-vm-01",
      "provider": "provider[\"registry.terraform.io/hashicorp/aws\"]",
      "instances": [
        {
          "schema_version": 1,
          "attributes": {
            "ami": "ami-0688ba7eeeeefe3cd",
            "arn": "arn:aws:ec2:us-west-2:584594532862:instance/i-0e4841df948ca4fa8",
            "associate_public_ip_address": true,
            "availability_zone": "us-west-2c",
            "capacity_reservation_specification": [
              {
                "capacity_reservation_preference": "open",
                "capacity_reservation_target": []
              }
            ],
            "cpu_core_count": 1,
            "cpu_threads_per_core": 2,
            "credit_specification": [
              {
                "cpu_credits": "unlimited"
              }
            ],
            "disable_api_termination": false,
            "ebs_block_device": [],
            "ebs_optimized": false,
            "enclave_options": [
              {
                "enabled": false
              }
            ],
            "ephemeral_block_device": [],
            "get_password_data": false,
            "hibernation": false,
            "host_id": null,
            "iam_instance_profile": "",
            "id": "i-0e4841df948ca4fa8",
            "instance_initiated_shutdown_behavior": "stop",
            "instance_state": "running",
            "instance_type": "t3.micro",
            "ipv6_address_count": 0,
            "ipv6_addresses": [],
            "key_name": "vm-ssh-key",
            "launch_template": [],
            "metadata_options": [
              {
                "http_endpoint": "enabled",
                "http_put_response_hop_limit": 1,
                "http_tokens": "optional",
                "instance_metadata_tags": "disabled"
              }
            ],
            "monitoring": false,
            "network_interface": [],
            "outpost_arn": "",
            "password_data": "",
            "placement_group": "",
            "placement_partition_number": null,
            "primary_network_interface_id": "eni-06af850bb6faf677a",
            "private_dns": "ip-172-16-0-100.us-west-2.compute.internal",
            "private_ip": "172.16.0.100",
            "public_dns": "ec2-34-221-62-21.us-west-2.compute.amazonaws.com",
            "public_ip": "34.221.62.21",
            "root_block_device": [
              {
                "delete_on_termination": true,
                "device_name": "/dev/sda1",
                "encrypted": false,
                "iops": 100,
                "kms_key_id": "",
                "tags": {},
                "throughput": 0,
                "volume_id": "vol-075838885205b9ba9",
                "volume_size": 8,
                "volume_type": "gp2"
              }
            ],
            "secondary_private_ips": [],
            "security_groups": [],
            "source_dest_check": true,
            "subnet_id": "subnet-0fcf4e01f4a75d9e7",
            "tags": {
              "Name": "tcb-aws-vm-01"
            },
            "tags_all": {
              "Name": "tcb-aws-vm-01"
            },
            "tenancy": "default",
            "timeouts": null,
            "user_data": "ecd8f9854e93fd6ff604ba5eaddf72ae5e0d3425",
            "user_data_base64": null,
            "user_data_replace_on_change": false,
            "volume_tags": null,
            "vpc_security_group_ids": [
              "sg-02ccec1c493051de4",
              "sg-030b6725561fd9956",
              "sg-0ee025ac4750d8c5a",
              "sg-0f847d7b3063d61b6"
            ]
          },
          "sensitive_attributes": [],
          "private": "eyJlMmJmYjczMC1lY2FhLTExZTYtOGY4OC0zNDM2M2JjN2M0YzAiOnsiY3JlYXRlIjo2MDAwMDAwMDAwMDAsImRlbGV0ZSI6MTIwMDAwMDAwMDAwMCwidXBkYXRlIjo2MDAwMDAwMDAwMDB9LCJzY2hlbWFfdmVyc2lvbiI6IjEifQ==",
          "dependencies": [
            "aws_security_group.aws-allow-icmp",
            "aws_security_group.aws-allow-internet",
            "aws_security_group.aws-allow-ssh",
            "aws_security_group.aws-allow-vpn",
            "aws_subnet.tcb-aws-subnet1",
            "data.aws_ami.ubuntu",
            "google_compute_address.gcp-ip"
          ]
        }
      ]
    },
    {
      "mode": "managed",
      "type": "aws_internet_gateway",
      "name": "aws-vpc-igw",
      "provider": "provider[\"registry.terraform.io/hashicorp/aws\"]",
      "instances": [
        {
          "schema_version": 0,
          "attributes": {
            "arn": "arn:aws:ec2:us-west-2:584594532862:internet-gateway/igw-020b591f0a117ca03",
            "id": "igw-020b591f0a117ca03",
            "owner_id": "584594532862",
            "tags": {
              "Name": "aws-vpc-igw"
            },
            "tags_all": {
              "Name": "aws-vpc-igw"
            },
            "vpc_id": "vpc-0e0f1503b243d54a2"
          },
          "sensitive_attributes": [],
          "private": "bnVsbA==",
          "dependencies": [
            "aws_vpc.tcb-aws-vpc"
          ]
        }
      ]
    },
    {
      "mode": "managed",
      "type": "aws_security_group",
      "name": "aws-allow-icmp",
      "provider": "provider[\"registry.terraform.io/hashicorp/aws\"]",
      "instances": [
        {
          "schema_version": 1,
          "attributes": {
            "arn": "arn:aws:ec2:us-west-2:584594532862:security-group/sg-02ccec1c493051de4",
            "description": "Allow icmp access from anywhere",
            "egress": [],
            "id": "sg-02ccec1c493051de4",
            "ingress": [
              {
                "cidr_blocks": [
                  "0.0.0.0/0"
                ],
                "description": "",
                "from_port": 8,
                "ipv6_cidr_blocks": [],
                "prefix_list_ids": [],
                "protocol": "icmp",
                "security_groups": [],
                "self": false,
                "to_port": 0
              }
            ],
            "name": "aws-allow-icmp",
            "name_prefix": "",
            "owner_id": "584594532862",
            "revoke_rules_on_delete": false,
            "tags": {},
            "tags_all": {},
            "timeouts": null,
            "vpc_id": "vpc-0e0f1503b243d54a2"
          },
          "sensitive_attributes": [],
          "private": "eyJlMmJmYjczMC1lY2FhLTExZTYtOGY4OC0zNDM2M2JjN2M0YzAiOnsiY3JlYXRlIjo2MDAwMDAwMDAwMDAsImRlbGV0ZSI6OTAwMDAwMDAwMDAwfSwic2NoZW1hX3ZlcnNpb24iOiIxIn0=",
          "dependencies": [
            "aws_vpc.tcb-aws-vpc"
          ]
        }
      ]
    },
    {
      "mode": "managed",
      "type": "aws_security_group",
      "name": "aws-allow-internet",
      "provider": "provider[\"registry.terraform.io/hashicorp/aws\"]",
      "instances": [
        {
          "schema_version": 1,
          "attributes": {
            "arn": "arn:aws:ec2:us-west-2:584594532862:security-group/sg-030b6725561fd9956",
            "description": "Allow http traffic from the internet",
            "egress": [
              {
                "cidr_blocks": [
                  "0.0.0.0/0"
                ],
                "description": "",
                "from_port": 0,
                "ipv6_cidr_blocks": [],
                "prefix_list_ids": [],
                "protocol": "-1",
                "security_groups": [],
                "self": false,
                "to_port": 0
              }
            ],
            "id": "sg-030b6725561fd9956",
            "ingress": [
              {
                "cidr_blocks": [
                  "0.0.0.0/0"
                ],
                "description": "",
                "from_port": 80,
                "ipv6_cidr_blocks": [],
                "prefix_list_ids": [],
                "protocol": "tcp",
                "security_groups": [],
                "self": false,
                "to_port": 80
              }
            ],
            "name": "aws-allow-internet",
            "name_prefix": "",
            "owner_id": "584594532862",
            "revoke_rules_on_delete": false,
            "tags": {},
            "tags_all": {},
            "timeouts": null,
            "vpc_id": "vpc-0e0f1503b243d54a2"
          },
          "sensitive_attributes": [],
          "private": "eyJlMmJmYjczMC1lY2FhLTExZTYtOGY4OC0zNDM2M2JjN2M0YzAiOnsiY3JlYXRlIjo2MDAwMDAwMDAwMDAsImRlbGV0ZSI6OTAwMDAwMDAwMDAwfSwic2NoZW1hX3ZlcnNpb24iOiIxIn0=",
          "dependencies": [
            "aws_vpc.tcb-aws-vpc"
          ]
        }
      ]
    },
    {
      "mode": "managed",
      "type": "aws_security_group",
      "name": "aws-allow-ssh",
      "provider": "provider[\"registry.terraform.io/hashicorp/aws\"]",
      "instances": [
        {
          "schema_version": 1,
          "attributes": {
            "arn": "arn:aws:ec2:us-west-2:584594532862:security-group/sg-0ee025ac4750d8c5a",
            "description": "Allow ssh access from anywhere",
            "egress": [],
            "id": "sg-0ee025ac4750d8c5a",
            "ingress": [
              {
                "cidr_blocks": [
                  "0.0.0.0/0"
                ],
                "description": "",
                "from_port": 22,
                "ipv6_cidr_blocks": [],
                "prefix_list_ids": [],
                "protocol": "tcp",
                "security_groups": [],
                "self": false,
                "to_port": 22
              }
            ],
            "name": "aws-allow-ssh",
            "name_prefix": "",
            "owner_id": "584594532862",
            "revoke_rules_on_delete": false,
            "tags": {},
            "tags_all": {},
            "timeouts": null,
            "vpc_id": "vpc-0e0f1503b243d54a2"
          },
          "sensitive_attributes": [],
          "private": "eyJlMmJmYjczMC1lY2FhLTExZTYtOGY4OC0zNDM2M2JjN2M0YzAiOnsiY3JlYXRlIjo2MDAwMDAwMDAwMDAsImRlbGV0ZSI6OTAwMDAwMDAwMDAwfSwic2NoZW1hX3ZlcnNpb24iOiIxIn0=",
          "dependencies": [
            "aws_vpc.tcb-aws-vpc"
          ]
        }
      ]
    },
    {
      "mode": "managed",
      "type": "aws_security_group",
      "name": "aws-allow-vpn",
      "provider": "provider[\"registry.terraform.io/hashicorp/aws\"]",
      "instances": [
        {
          "schema_version": 1,
          "attributes": {
            "arn": "arn:aws:ec2:us-west-2:584594532862:security-group/sg-0f847d7b3063d61b6",
            "description": "Allow all traffic from vpn resources",
            "egress": [],
            "id": "sg-0f847d7b3063d61b6",
            "ingress": [
              {
                "cidr_blocks": [
                  "10.88.0.0/24"
                ],
                "description": "",
                "from_port": 0,
                "ipv6_cidr_blocks": [],
                "prefix_list_ids": [],
                "protocol": "-1",
                "security_groups": [],
                "self": false,
                "to_port": 0
              }
            ],
            "name": "aws-allow-vpn",
            "name_prefix": "",
            "owner_id": "584594532862",
            "revoke_rules_on_delete": false,
            "tags": {},
            "tags_all": {},
            "timeouts": null,
            "vpc_id": "vpc-0e0f1503b243d54a2"
          },
          "sensitive_attributes": [],
          "private": "eyJlMmJmYjczMC1lY2FhLTExZTYtOGY4OC0zNDM2M2JjN2M0YzAiOnsiY3JlYXRlIjo2MDAwMDAwMDAwMDAsImRlbGV0ZSI6OTAwMDAwMDAwMDAwfSwic2NoZW1hX3ZlcnNpb24iOiIxIn0=",
          "dependencies": [
            "aws_vpc.tcb-aws-vpc"
          ]
        }
      ]
    },
    {
      "mode": "managed",
      "type": "aws_subnet",
      "name": "tcb-aws-subnet1",
      "provider": "provider[\"registry.terraform.io/hashicorp/aws\"]",
      "instances": [
        {
          "schema_version": 1,
          "attributes": {
            "arn": "arn:aws:ec2:us-west-2:584594532862:subnet/subnet-0fcf4e01f4a75d9e7",
            "assign_ipv6_address_on_creation": false,
            "availability_zone": "us-west-2c",
            "availability_zone_id": "usw2-az3",
            "cidr_block": "172.16.0.0/24",
            "customer_owned_ipv4_pool": "",
            "enable_dns64": false,
            "enable_resource_name_dns_a_record_on_launch": false,
            "enable_resource_name_dns_aaaa_record_on_launch": false,
            "id": "subnet-0fcf4e01f4a75d9e7",
            "ipv6_cidr_block": "",
            "ipv6_cidr_block_association_id": "",
            "ipv6_native": false,
            "map_customer_owned_ip_on_launch": false,
            "map_public_ip_on_launch": false,
            "outpost_arn": "",
            "owner_id": "584594532862",
            "private_dns_hostname_type_on_launch": "ip-name",
            "tags": {
              "Name": "tcb-aws-subnet1"
            },
            "tags_all": {
              "Name": "tcb-aws-subnet1"
            },
            "timeouts": null,
            "vpc_id": "vpc-0e0f1503b243d54a2"
          },
          "sensitive_attributes": [],
          "private": "eyJlMmJmYjczMC1lY2FhLTExZTYtOGY4OC0zNDM2M2JjN2M0YzAiOnsiY3JlYXRlIjo2MDAwMDAwMDAwMDAsImRlbGV0ZSI6MTIwMDAwMDAwMDAwMH0sInNjaGVtYV92ZXJzaW9uIjoiMSJ9",
          "dependencies": [
            "aws_vpc.tcb-aws-vpc"
          ]
        }
      ]
    },
    {
      "mode": "managed",
      "type": "aws_vpc",
      "name": "tcb-aws-vpc",
      "provider": "provider[\"registry.terraform.io/hashicorp/aws\"]",
      "instances": [
        {
          "schema_version": 1,
          "attributes": {
            "arn": "arn:aws:ec2:us-west-2:584594532862:vpc/vpc-0e0f1503b243d54a2",
            "assign_generated_ipv6_cidr_block": false,
            "cidr_block": "172.16.0.0/16",
            "default_network_acl_id": "acl-088d5511a12e06de6",
            "default_route_table_id": "rtb-01328b6e5c9aa8dc2",
            "default_security_group_id": "sg-0f180858538e60346",
            "dhcp_options_id": "dopt-06a53e356cdbb4e90",
            "enable_classiclink": false,
            "enable_classiclink_dns_support": false,
            "enable_dns_hostnames": true,
            "enable_dns_support": true,
            "id": "vpc-0e0f1503b243d54a2",
            "instance_tenancy": "default",
            "ipv4_ipam_pool_id": null,
            "ipv4_netmask_length": null,
            "ipv6_association_id": "",
            "ipv6_cidr_block": "",
            "ipv6_cidr_block_network_border_group": "",
            "ipv6_ipam_pool_id": "",
            "ipv6_netmask_length": 0,
            "main_route_table_id": "rtb-01328b6e5c9aa8dc2",
            "owner_id": "584594532862",
            "tags": {
              "Name": "tcb-aws-vpc"
            },
            "tags_all": {
              "Name": "tcb-aws-vpc"
            }
          },
          "sensitive_attributes": [],
          "private": "eyJzY2hlbWFfdmVyc2lvbiI6IjEifQ=="
        }
      ]
    },
    {
      "mode": "managed",
      "type": "aws_vpn_connection",
      "name": "aws-vpn-connection1",
      "provider": "provider[\"registry.terraform.io/hashicorp/aws\"]",
      "instances": [
        {
          "schema_version": 0,
          "attributes": {
            "arn": "arn:aws:ec2:us-west-2:584594532862:vpn-connection/vpn-02da35a6fc4777079",
            "core_network_arn": "",
            "core_network_attachment_arn": "",
            "customer_gateway_configuration": "\u003c?xml version=\"1.0\" encoding=\"UTF-8\"?\u003e\n\u003cvpn_connection id=\"vpn-02da35a6fc4777079\"\u003e\n  \u003ccustomer_gateway_id\u003ecgw-04baec7fb1fd555f1\u003c/customer_gateway_id\u003e\n  \u003cvpn_gateway_id\u003evgw-0e091b7a2a688dec8\u003c/vpn_gateway_id\u003e\n  \u003cvpn_connection_type\u003eipsec.1\u003c/vpn_connection_type\u003e\n  \u003cipsec_tunnel\u003e\n    \u003ccustomer_gateway\u003e\n      \u003ctunnel_outside_address\u003e\n        \u003cip_address\u003e34.157.119.155\u003c/ip_address\u003e\n      \u003c/tunnel_outside_address\u003e\n      \u003ctunnel_inside_address\u003e\n        \u003cip_address\u003e169.254.128.222\u003c/ip_address\u003e\n        \u003cnetwork_mask\u003e255.255.255.252\u003c/network_mask\u003e\n        \u003cnetwork_cidr\u003e30\u003c/network_cidr\u003e\n      \u003c/tunnel_inside_address\u003e\n      \u003cbgp\u003e\n        \u003casn\u003e65000\u003c/asn\u003e\n        \u003chold_time\u003e30\u003c/hold_time\u003e\n      \u003c/bgp\u003e\n    \u003c/customer_gateway\u003e\n    \u003cvpn_gateway\u003e\n      \u003ctunnel_outside_address\u003e\n        \u003cip_address\u003e34.208.164.96\u003c/ip_address\u003e\n      \u003c/tunnel_outside_address\u003e\n      \u003ctunnel_inside_address\u003e\n        \u003cip_address\u003e169.254.128.221\u003c/ip_address\u003e\n        \u003cnetwork_mask\u003e255.255.255.252\u003c/network_mask\u003e\n        \u003cnetwork_cidr\u003e30\u003c/network_cidr\u003e\n      \u003c/tunnel_inside_address\u003e\n      \u003cbgp\u003e\n        \u003casn\u003e64512\u003c/asn\u003e\n        \u003chold_time\u003e30\u003c/hold_time\u003e\n      \u003c/bgp\u003e\n    \u003c/vpn_gateway\u003e\n    \u003cike\u003e\n      \u003cauthentication_protocol\u003esha1\u003c/authentication_protocol\u003e\n      \u003cencryption_protocol\u003eaes-128-cbc\u003c/encryption_protocol\u003e\n      \u003clifetime\u003e28800\u003c/lifetime\u003e\n      \u003cperfect_forward_secrecy\u003egroup2\u003c/perfect_forward_secrecy\u003e\n      \u003cmode\u003emain\u003c/mode\u003e\n      \u003cpre_shared_key\u003eekxzqJ0PEwd4QB6X0E.RfFTzHlg_Kp6W\u003c/pre_shared_key\u003e\n    \u003c/ike\u003e\n    \u003cipsec\u003e\n      \u003cprotocol\u003eesp\u003c/protocol\u003e\n      \u003cauthentication_protocol\u003ehmac-sha1-96\u003c/authentication_protocol\u003e\n      \u003cencryption_protocol\u003eaes-128-cbc\u003c/encryption_protocol\u003e\n      \u003clifetime\u003e3600\u003c/lifetime\u003e\n      \u003cperfect_forward_secrecy\u003egroup2\u003c/perfect_forward_secrecy\u003e\n      \u003cmode\u003etunnel\u003c/mode\u003e\n      \u003cclear_df_bit\u003etrue\u003c/clear_df_bit\u003e\n      \u003cfragmentation_before_encryption\u003etrue\u003c/fragmentation_before_encryption\u003e\n      \u003ctcp_mss_adjustment\u003e1379\u003c/tcp_mss_adjustment\u003e\n      \u003cdead_peer_detection\u003e\n        \u003cinterval\u003e10\u003c/interval\u003e\n        \u003cretries\u003e3\u003c/retries\u003e\n      \u003c/dead_peer_detection\u003e\n    \u003c/ipsec\u003e\n  \u003c/ipsec_tunnel\u003e\n  \u003cipsec_tunnel\u003e\n    \u003ccustomer_gateway\u003e\n      \u003ctunnel_outside_address\u003e\n        \u003cip_address\u003e34.157.119.155\u003c/ip_address\u003e\n      \u003c/tunnel_outside_address\u003e\n      \u003ctunnel_inside_address\u003e\n        \u003cip_address\u003e169.254.167.162\u003c/ip_address\u003e\n        \u003cnetwork_mask\u003e255.255.255.252\u003c/network_mask\u003e\n        \u003cnetwork_cidr\u003e30\u003c/network_cidr\u003e\n      \u003c/tunnel_inside_address\u003e\n      \u003cbgp\u003e\n        \u003casn\u003e65000\u003c/asn\u003e\n        \u003chold_time\u003e30\u003c/hold_time\u003e\n      \u003c/bgp\u003e\n    \u003c/customer_gateway\u003e\n    \u003cvpn_gateway\u003e\n      \u003ctunnel_outside_address\u003e\n        \u003cip_address\u003e34.208.168.29\u003c/ip_address\u003e\n      \u003c/tunnel_outside_address\u003e\n      \u003ctunnel_inside_address\u003e\n        \u003cip_address\u003e169.254.167.161\u003c/ip_address\u003e\n        \u003cnetwork_mask\u003e255.255.255.252\u003c/network_mask\u003e\n        \u003cnetwork_cidr\u003e30\u003c/network_cidr\u003e\n      \u003c/tunnel_inside_address\u003e\n      \u003cbgp\u003e\n        \u003casn\u003e64512\u003c/asn\u003e\n        \u003chold_time\u003e30\u003c/hold_time\u003e\n      \u003c/bgp\u003e\n    \u003c/vpn_gateway\u003e\n    \u003cike\u003e\n      \u003cauthentication_protocol\u003esha1\u003c/authentication_protocol\u003e\n      \u003cencryption_protocol\u003eaes-128-cbc\u003c/encryption_protocol\u003e\n      \u003clifetime\u003e28800\u003c/lifetime\u003e\n      \u003cperfect_forward_secrecy\u003egroup2\u003c/perfect_forward_secrecy\u003e\n      \u003cmode\u003emain\u003c/mode\u003e\n      \u003cpre_shared_key\u003e9svTylF9vrX9beDFc5DOMZOjpQRA90N_\u003c/pre_shared_key\u003e\n    \u003c/ike\u003e\n    \u003cipsec\u003e\n      \u003cprotocol\u003eesp\u003c/protocol\u003e\n      \u003cauthentication_protocol\u003ehmac-sha1-96\u003c/authentication_protocol\u003e\n      \u003cencryption_protocol\u003eaes-128-cbc\u003c/encryption_protocol\u003e\n      \u003clifetime\u003e3600\u003c/lifetime\u003e\n      \u003cperfect_forward_secrecy\u003egroup2\u003c/perfect_forward_secrecy\u003e\n      \u003cmode\u003etunnel\u003c/mode\u003e\n      \u003cclear_df_bit\u003etrue\u003c/clear_df_bit\u003e\n      \u003cfragmentation_before_encryption\u003etrue\u003c/fragmentation_before_encryption\u003e\n      \u003ctcp_mss_adjustment\u003e1379\u003c/tcp_mss_adjustment\u003e\n      \u003cdead_peer_detection\u003e\n        \u003cinterval\u003e10\u003c/interval\u003e\n        \u003cretries\u003e3\u003c/retries\u003e\n      \u003c/dead_peer_detection\u003e\n    \u003c/ipsec\u003e\n  \u003c/ipsec_tunnel\u003e\n\u003c/vpn_connection\u003e",
            "customer_gateway_id": "cgw-04baec7fb1fd555f1",
            "enable_acceleration": false,
            "id": "vpn-02da35a6fc4777079",
            "local_ipv4_network_cidr": "0.0.0.0/0",
            "local_ipv6_network_cidr": "",
            "remote_ipv4_network_cidr": "0.0.0.0/0",
            "remote_ipv6_network_cidr": "",
            "routes": [],
            "static_routes_only": false,
            "tags": {
              "Name": "aws-vpn-connection1"
            },
            "tags_all": {
              "Name": "aws-vpn-connection1"
            },
            "transit_gateway_attachment_id": "",
            "transit_gateway_id": "",
            "tunnel1_address": "34.208.164.96",
            "tunnel1_bgp_asn": "64512",
            "tunnel1_bgp_holdtime": 30,
            "tunnel1_cgw_inside_address": "169.254.128.222",
            "tunnel1_dpd_timeout_action": "",
            "tunnel1_dpd_timeout_seconds": 0,
            "tunnel1_ike_versions": [],
            "tunnel1_inside_cidr": "169.254.128.220/30",
            "tunnel1_inside_ipv6_cidr": "",
            "tunnel1_phase1_dh_group_numbers": [],
            "tunnel1_phase1_encryption_algorithms": [],
            "tunnel1_phase1_integrity_algorithms": [],
            "tunnel1_phase1_lifetime_seconds": 0,
            "tunnel1_phase2_dh_group_numbers": [],
            "tunnel1_phase2_encryption_algorithms": [],
            "tunnel1_phase2_integrity_algorithms": [],
            "tunnel1_phase2_lifetime_seconds": 0,
            "tunnel1_preshared_key": "ekxzqJ0PEwd4QB6X0E.RfFTzHlg_Kp6W",
            "tunnel1_rekey_fuzz_percentage": 0,
            "tunnel1_rekey_margin_time_seconds": 0,
            "tunnel1_replay_window_size": 0,
            "tunnel1_startup_action": "",
            "tunnel1_vgw_inside_address": "169.254.128.221",
            "tunnel2_address": "34.208.168.29",
            "tunnel2_bgp_asn": "64512",
            "tunnel2_bgp_holdtime": 30,
            "tunnel2_cgw_inside_address": "169.254.167.162",
            "tunnel2_dpd_timeout_action": "",
            "tunnel2_dpd_timeout_seconds": 0,
            "tunnel2_ike_versions": [],
            "tunnel2_inside_cidr": "169.254.167.160/30",
            "tunnel2_inside_ipv6_cidr": "",
            "tunnel2_phase1_dh_group_numbers": [],
            "tunnel2_phase1_encryption_algorithms": [],
            "tunnel2_phase1_integrity_algorithms": [],
            "tunnel2_phase1_lifetime_seconds": 0,
            "tunnel2_phase2_dh_group_numbers": [],
            "tunnel2_phase2_encryption_algorithms": [],
            "tunnel2_phase2_integrity_algorithms": [],
            "tunnel2_phase2_lifetime_seconds": 0,
            "tunnel2_preshared_key": "9svTylF9vrX9beDFc5DOMZOjpQRA90N_",
            "tunnel2_rekey_fuzz_percentage": 0,
            "tunnel2_rekey_margin_time_seconds": 0,
            "tunnel2_replay_window_size": 0,
            "tunnel2_startup_action": "",
            "tunnel2_vgw_inside_address": "169.254.167.161",
            "tunnel_inside_ip_version": "ipv4",
            "type": "ipsec.1",
            "vgw_telemetry": [
              {
                "accepted_route_count": 1,
                "certificate_arn": "",
                "last_status_change": "2023-04-05T13:38:23Z",
                "outside_ip_address": "34.208.168.29",
                "status": "UP",
                "status_message": "1 BGP ROUTES"
              },
              {
                "accepted_route_count": 1,
                "certificate_arn": "",
                "last_status_change": "2023-04-05T13:42:20Z",
                "outside_ip_address": "34.208.164.96",
                "status": "UP",
                "status_message": "1 BGP ROUTES"
              }
            ],
            "vpn_gateway_id": "vgw-0e091b7a2a688dec8"
          },
          "sensitive_attributes": [],
          "private": "bnVsbA==",
          "dependencies": [
            "aws_customer_gateway.aws-cgw-1",
            "aws_vpc.tcb-aws-vpc",
            "aws_vpn_gateway.aws-vpn-gw",
            "google_compute_ha_vpn_gateway.gcp-vpn-gw",
            "google_compute_network.tcb-gcp-network"
          ]
        }
      ]
    },
    {
      "mode": "managed",
      "type": "aws_vpn_connection",
      "name": "aws-vpn-connection2",
      "provider": "provider[\"registry.terraform.io/hashicorp/aws\"]",
      "instances": [
        {
          "schema_version": 0,
          "attributes": {
            "arn": "arn:aws:ec2:us-west-2:584594532862:vpn-connection/vpn-05620beb4a35aa51f",
            "core_network_arn": "",
            "core_network_attachment_arn": "",
            "customer_gateway_configuration": "\u003c?xml version=\"1.0\" encoding=\"UTF-8\"?\u003e\n\u003cvpn_connection id=\"vpn-05620beb4a35aa51f\"\u003e\n  \u003ccustomer_gateway_id\u003ecgw-0704ddf39a5f98f63\u003c/customer_gateway_id\u003e\n  \u003cvpn_gateway_id\u003evgw-0e091b7a2a688dec8\u003c/vpn_gateway_id\u003e\n  \u003cvpn_connection_type\u003eipsec.1\u003c/vpn_connection_type\u003e\n  \u003cipsec_tunnel\u003e\n    \u003ccustomer_gateway\u003e\n      \u003ctunnel_outside_address\u003e\n        \u003cip_address\u003e35.220.50.24\u003c/ip_address\u003e\n      \u003c/tunnel_outside_address\u003e\n      \u003ctunnel_inside_address\u003e\n        \u003cip_address\u003e169.254.220.130\u003c/ip_address\u003e\n        \u003cnetwork_mask\u003e255.255.255.252\u003c/network_mask\u003e\n        \u003cnetwork_cidr\u003e30\u003c/network_cidr\u003e\n      \u003c/tunnel_inside_address\u003e\n      \u003cbgp\u003e\n        \u003casn\u003e65000\u003c/asn\u003e\n        \u003chold_time\u003e30\u003c/hold_time\u003e\n      \u003c/bgp\u003e\n    \u003c/customer_gateway\u003e\n    \u003cvpn_gateway\u003e\n      \u003ctunnel_outside_address\u003e\n        \u003cip_address\u003e34.213.220.177\u003c/ip_address\u003e\n      \u003c/tunnel_outside_address\u003e\n      \u003ctunnel_inside_address\u003e\n        \u003cip_address\u003e169.254.220.129\u003c/ip_address\u003e\n        \u003cnetwork_mask\u003e255.255.255.252\u003c/network_mask\u003e\n        \u003cnetwork_cidr\u003e30\u003c/network_cidr\u003e\n      \u003c/tunnel_inside_address\u003e\n      \u003cbgp\u003e\n        \u003casn\u003e64512\u003c/asn\u003e\n        \u003chold_time\u003e30\u003c/hold_time\u003e\n      \u003c/bgp\u003e\n    \u003c/vpn_gateway\u003e\n    \u003cike\u003e\n      \u003cauthentication_protocol\u003esha1\u003c/authentication_protocol\u003e\n      \u003cencryption_protocol\u003eaes-128-cbc\u003c/encryption_protocol\u003e\n      \u003clifetime\u003e28800\u003c/lifetime\u003e\n      \u003cperfect_forward_secrecy\u003egroup2\u003c/perfect_forward_secrecy\u003e\n      \u003cmode\u003emain\u003c/mode\u003e\n      \u003cpre_shared_key\u003evsKBLpZ2BSAwftCRk2gxJr6iV85CrctC\u003c/pre_shared_key\u003e\n    \u003c/ike\u003e\n    \u003cipsec\u003e\n      \u003cprotocol\u003eesp\u003c/protocol\u003e\n      \u003cauthentication_protocol\u003ehmac-sha1-96\u003c/authentication_protocol\u003e\n      \u003cencryption_protocol\u003eaes-128-cbc\u003c/encryption_protocol\u003e\n      \u003clifetime\u003e3600\u003c/lifetime\u003e\n      \u003cperfect_forward_secrecy\u003egroup2\u003c/perfect_forward_secrecy\u003e\n      \u003cmode\u003etunnel\u003c/mode\u003e\n      \u003cclear_df_bit\u003etrue\u003c/clear_df_bit\u003e\n      \u003cfragmentation_before_encryption\u003etrue\u003c/fragmentation_before_encryption\u003e\n      \u003ctcp_mss_adjustment\u003e1379\u003c/tcp_mss_adjustment\u003e\n      \u003cdead_peer_detection\u003e\n        \u003cinterval\u003e10\u003c/interval\u003e\n        \u003cretries\u003e3\u003c/retries\u003e\n      \u003c/dead_peer_detection\u003e\n    \u003c/ipsec\u003e\n  \u003c/ipsec_tunnel\u003e\n  \u003cipsec_tunnel\u003e\n    \u003ccustomer_gateway\u003e\n      \u003ctunnel_outside_address\u003e\n        \u003cip_address\u003e35.220.50.24\u003c/ip_address\u003e\n      \u003c/tunnel_outside_address\u003e\n      \u003ctunnel_inside_address\u003e\n        \u003cip_address\u003e169.254.227.214\u003c/ip_address\u003e\n        \u003cnetwork_mask\u003e255.255.255.252\u003c/network_mask\u003e\n        \u003cnetwork_cidr\u003e30\u003c/network_cidr\u003e\n      \u003c/tunnel_inside_address\u003e\n      \u003cbgp\u003e\n        \u003casn\u003e65000\u003c/asn\u003e\n        \u003chold_time\u003e30\u003c/hold_time\u003e\n      \u003c/bgp\u003e\n    \u003c/customer_gateway\u003e\n    \u003cvpn_gateway\u003e\n      \u003ctunnel_outside_address\u003e\n        \u003cip_address\u003e35.161.252.66\u003c/ip_address\u003e\n      \u003c/tunnel_outside_address\u003e\n      \u003ctunnel_inside_address\u003e\n        \u003cip_address\u003e169.254.227.213\u003c/ip_address\u003e\n        \u003cnetwork_mask\u003e255.255.255.252\u003c/network_mask\u003e\n        \u003cnetwork_cidr\u003e30\u003c/network_cidr\u003e\n      \u003c/tunnel_inside_address\u003e\n      \u003cbgp\u003e\n        \u003casn\u003e64512\u003c/asn\u003e\n        \u003chold_time\u003e30\u003c/hold_time\u003e\n      \u003c/bgp\u003e\n    \u003c/vpn_gateway\u003e\n    \u003cike\u003e\n      \u003cauthentication_protocol\u003esha1\u003c/authentication_protocol\u003e\n      \u003cencryption_protocol\u003eaes-128-cbc\u003c/encryption_protocol\u003e\n      \u003clifetime\u003e28800\u003c/lifetime\u003e\n      \u003cperfect_forward_secrecy\u003egroup2\u003c/perfect_forward_secrecy\u003e\n      \u003cmode\u003emain\u003c/mode\u003e\n      \u003cpre_shared_key\u003eWGHMjW63WEGIe05KOB3cpWqidXl0.isH\u003c/pre_shared_key\u003e\n    \u003c/ike\u003e\n    \u003cipsec\u003e\n      \u003cprotocol\u003eesp\u003c/protocol\u003e\n      \u003cauthentication_protocol\u003ehmac-sha1-96\u003c/authentication_protocol\u003e\n      \u003cencryption_protocol\u003eaes-128-cbc\u003c/encryption_protocol\u003e\n      \u003clifetime\u003e3600\u003c/lifetime\u003e\n      \u003cperfect_forward_secrecy\u003egroup2\u003c/perfect_forward_secrecy\u003e\n      \u003cmode\u003etunnel\u003c/mode\u003e\n      \u003cclear_df_bit\u003etrue\u003c/clear_df_bit\u003e\n      \u003cfragmentation_before_encryption\u003etrue\u003c/fragmentation_before_encryption\u003e\n      \u003ctcp_mss_adjustment\u003e1379\u003c/tcp_mss_adjustment\u003e\n      \u003cdead_peer_detection\u003e\n        \u003cinterval\u003e10\u003c/interval\u003e\n        \u003cretries\u003e3\u003c/retries\u003e\n      \u003c/dead_peer_detection\u003e\n    \u003c/ipsec\u003e\n  \u003c/ipsec_tunnel\u003e\n\u003c/vpn_connection\u003e",
            "customer_gateway_id": "cgw-0704ddf39a5f98f63",
            "enable_acceleration": false,
            "id": "vpn-05620beb4a35aa51f",
            "local_ipv4_network_cidr": "0.0.0.0/0",
            "local_ipv6_network_cidr": "",
            "remote_ipv4_network_cidr": "0.0.0.0/0",
            "remote_ipv6_network_cidr": "",
            "routes": [],
            "static_routes_only": false,
            "tags": {
              "Name": "aws-vpn-connection2"
            },
            "tags_all": {
              "Name": "aws-vpn-connection2"
            },
            "transit_gateway_attachment_id": "",
            "transit_gateway_id": "",
            "tunnel1_address": "34.213.220.177",
            "tunnel1_bgp_asn": "64512",
            "tunnel1_bgp_holdtime": 30,
            "tunnel1_cgw_inside_address": "169.254.220.130",
            "tunnel1_dpd_timeout_action": "",
            "tunnel1_dpd_timeout_seconds": 0,
            "tunnel1_ike_versions": [],
            "tunnel1_inside_cidr": "169.254.220.128/30",
            "tunnel1_inside_ipv6_cidr": "",
            "tunnel1_phase1_dh_group_numbers": [],
            "tunnel1_phase1_encryption_algorithms": [],
            "tunnel1_phase1_integrity_algorithms": [],
            "tunnel1_phase1_lifetime_seconds": 0,
            "tunnel1_phase2_dh_group_numbers": [],
            "tunnel1_phase2_encryption_algorithms": [],
            "tunnel1_phase2_integrity_algorithms": [],
            "tunnel1_phase2_lifetime_seconds": 0,
            "tunnel1_preshared_key": "vsKBLpZ2BSAwftCRk2gxJr6iV85CrctC",
            "tunnel1_rekey_fuzz_percentage": 0,
            "tunnel1_rekey_margin_time_seconds": 0,
            "tunnel1_replay_window_size": 0,
            "tunnel1_startup_action": "",
            "tunnel1_vgw_inside_address": "169.254.220.129",
            "tunnel2_address": "35.161.252.66",
            "tunnel2_bgp_asn": "64512",
            "tunnel2_bgp_holdtime": 30,
            "tunnel2_cgw_inside_address": "169.254.227.214",
            "tunnel2_dpd_timeout_action": "",
            "tunnel2_dpd_timeout_seconds": 0,
            "tunnel2_ike_versions": [],
            "tunnel2_inside_cidr": "169.254.227.212/30",
            "tunnel2_inside_ipv6_cidr": "",
            "tunnel2_phase1_dh_group_numbers": [],
            "tunnel2_phase1_encryption_algorithms": [],
            "tunnel2_phase1_integrity_algorithms": [],
            "tunnel2_phase1_lifetime_seconds": 0,
            "tunnel2_phase2_dh_group_numbers": [],
            "tunnel2_phase2_encryption_algorithms": [],
            "tunnel2_phase2_integrity_algorithms": [],
            "tunnel2_phase2_lifetime_seconds": 0,
            "tunnel2_preshared_key": "WGHMjW63WEGIe05KOB3cpWqidXl0.isH",
            "tunnel2_rekey_fuzz_percentage": 0,
            "tunnel2_rekey_margin_time_seconds": 0,
            "tunnel2_replay_window_size": 0,
            "tunnel2_startup_action": "",
            "tunnel2_vgw_inside_address": "169.254.227.213",
            "tunnel_inside_ip_version": "ipv4",
            "type": "ipsec.1",
            "vgw_telemetry": [
              {
                "accepted_route_count": 1,
                "certificate_arn": "",
                "last_status_change": "2023-04-05T13:28:15Z",
                "outside_ip_address": "34.213.220.177",
                "status": "UP",
                "status_message": "1 BGP ROUTES"
              },
              {
                "accepted_route_count": 1,
                "certificate_arn": "",
                "last_status_change": "2023-04-05T13:42:24Z",
                "outside_ip_address": "35.161.252.66",
                "status": "UP",
                "status_message": "1 BGP ROUTES"
              }
            ],
            "vpn_gateway_id": "vgw-0e091b7a2a688dec8"
          },
          "sensitive_attributes": [],
          "private": "bnVsbA==",
          "dependencies": [
            "aws_customer_gateway.aws-cgw-2",
            "aws_vpc.tcb-aws-vpc",
            "aws_vpn_gateway.aws-vpn-gw",
            "google_compute_ha_vpn_gateway.gcp-vpn-gw",
            "google_compute_network.tcb-gcp-network"
          ]
        }
      ]
    },
    {
      "mode": "managed",
      "type": "aws_vpn_gateway",
      "name": "aws-vpn-gw",
      "provider": "provider[\"registry.terraform.io/hashicorp/aws\"]",
      "instances": [
        {
          "schema_version": 0,
          "attributes": {
            "amazon_side_asn": "64512",
            "arn": "arn:aws:ec2:us-west-2:584594532862:vpn-gateway/vgw-0e091b7a2a688dec8",
            "availability_zone": null,
            "id": "vgw-0e091b7a2a688dec8",
            "tags": {},
            "tags_all": {},
            "vpc_id": "vpc-0e0f1503b243d54a2"
          },
          "sensitive_attributes": [],
          "private": "bnVsbA==",
          "dependencies": [
            "aws_vpc.tcb-aws-vpc"
          ]
        }
      ]
    },
    {
      "mode": "managed",
      "type": "google_compute_address",
      "name": "gcp-ip",
      "provider": "provider[\"registry.terraform.io/hashicorp/google\"]",
      "instances": [
        {
          "schema_version": 0,
          "attributes": {
            "address": "35.185.229.184",
            "address_type": "EXTERNAL",
            "creation_timestamp": "2023-04-05T05:29:16.804-07:00",
            "description": "",
            "id": "projects/tcb-gcp-aws-45/regions/us-west1/addresses/gcp-vm-ip",
            "name": "gcp-vm-ip",
            "network": "",
            "network_tier": "PREMIUM",
            "prefix_length": 0,
            "project": "tcb-gcp-aws-45",
            "purpose": "",
            "region": "us-west1",
            "self_link": "https://www.googleapis.com/compute/v1/projects/tcb-gcp-aws-45/regions/us-west1/addresses/gcp-vm-ip",
            "subnetwork": "",
            "timeouts": null,
            "users": []
          },
          "sensitive_attributes": [],
          "private": "eyJlMmJmYjczMC1lY2FhLTExZTYtOGY4OC0zNDM2M2JjN2M0YzAiOnsiY3JlYXRlIjoxMjAwMDAwMDAwMDAwLCJkZWxldGUiOjEyMDAwMDAwMDAwMDB9fQ=="
        }
      ]
    },
    {
      "mode": "managed",
      "type": "google_compute_external_vpn_gateway",
      "name": "external_gateway",
      "provider": "provider[\"registry.terraform.io/hashicorp/google\"]",
      "instances": [
        {
          "schema_version": 0,
          "attributes": {
            "description": "Dual AWS VPN gateways",
            "id": "projects/tcb-gcp-aws-45/global/externalVpnGateways/aws-gateway",
            "interface": [
              {
                "id": 0,
                "ip_address": "34.208.164.96"
              },
              {
                "id": 1,
                "ip_address": "34.208.168.29"
              },
              {
                "id": 2,
                "ip_address": "34.213.220.177"
              },
              {
                "id": 3,
                "ip_address": "35.161.252.66"
              }
            ],
            "name": "aws-gateway",
            "project": "tcb-gcp-aws-45",
            "redundancy_type": "FOUR_IPS_REDUNDANCY",
            "self_link": "https://www.googleapis.com/compute/v1/projects/tcb-gcp-aws-45/global/externalVpnGateways/aws-gateway",
            "timeouts": null
          },
          "sensitive_attributes": [],
          "private": "eyJlMmJmYjczMC1lY2FhLTExZTYtOGY4OC0zNDM2M2JjN2M0YzAiOnsiY3JlYXRlIjoxMjAwMDAwMDAwMDAwLCJkZWxldGUiOjEyMDAwMDAwMDAwMDB9fQ==",
          "dependencies": [
            "aws_customer_gateway.aws-cgw-1",
            "aws_customer_gateway.aws-cgw-2",
            "aws_vpc.tcb-aws-vpc",
            "aws_vpn_connection.aws-vpn-connection1",
            "aws_vpn_connection.aws-vpn-connection2",
            "aws_vpn_gateway.aws-vpn-gw",
            "google_compute_ha_vpn_gateway.gcp-vpn-gw",
            "google_compute_network.tcb-gcp-network"
          ]
        }
      ]
    },
    {
      "mode": "managed",
      "type": "google_compute_firewall",
      "name": "gcp-allow-icmp",
      "provider": "provider[\"registry.terraform.io/hashicorp/google\"]",
      "instances": [
        {
          "schema_version": 1,
          "attributes": {
            "allow": [
              {
                "ports": [],
                "protocol": "icmp"
              }
            ],
            "creation_timestamp": "2023-04-05T05:29:26.567-07:00",
            "deny": [],
            "description": "",
            "destination_ranges": [],
            "direction": "INGRESS",
            "disabled": false,
            "enable_logging": null,
            "id": "projects/tcb-gcp-aws-45/global/firewalls/tcb-gcp-network-gcp-allow-icmp",
            "log_config": [],
            "name": "tcb-gcp-network-gcp-allow-icmp",
            "network": "https://www.googleapis.com/compute/v1/projects/tcb-gcp-aws-45/global/networks/tcb-gcp-network",
            "priority": 1000,
            "project": "tcb-gcp-aws-45",
            "self_link": "https://www.googleapis.com/compute/v1/projects/tcb-gcp-aws-45/global/firewalls/tcb-gcp-network-gcp-allow-icmp",
            "source_ranges": [
              "0.0.0.0/0"
            ],
            "source_service_accounts": [],
            "source_tags": [],
            "target_service_accounts": [],
            "target_tags": [],
            "timeouts": null
          },
          "sensitive_attributes": [],
          "private": "eyJlMmJmYjczMC1lY2FhLTExZTYtOGY4OC0zNDM2M2JjN2M0YzAiOnsiY3JlYXRlIjoxMjAwMDAwMDAwMDAwLCJkZWxldGUiOjEyMDAwMDAwMDAwMDAsInVwZGF0ZSI6MTIwMDAwMDAwMDAwMH0sInNjaGVtYV92ZXJzaW9uIjoiMSJ9",
          "dependencies": [
            "google_compute_network.tcb-gcp-network"
          ]
        }
      ]
    },
    {
      "mode": "managed",
      "type": "google_compute_firewall",
      "name": "gcp-allow-internet",
      "provider": "provider[\"registry.terraform.io/hashicorp/google\"]",
      "instances": [
        {
          "schema_version": 1,
          "attributes": {
            "allow": [
              {
                "ports": [
                  "80"
                ],
                "protocol": "tcp"
              }
            ],
            "creation_timestamp": "2023-04-05T05:29:26.314-07:00",
            "deny": [],
            "description": "",
            "destination_ranges": [],
            "direction": "INGRESS",
            "disabled": false,
            "enable_logging": null,
            "id": "projects/tcb-gcp-aws-45/global/firewalls/tcb-gcp-network-gcp-allow-internet",
            "log_config": [],
            "name": "tcb-gcp-network-gcp-allow-internet",
            "network": "https://www.googleapis.com/compute/v1/projects/tcb-gcp-aws-45/global/networks/tcb-gcp-network",
            "priority": 1000,
            "project": "tcb-gcp-aws-45",
            "self_link": "https://www.googleapis.com/compute/v1/projects/tcb-gcp-aws-45/global/firewalls/tcb-gcp-network-gcp-allow-internet",
            "source_ranges": [
              "0.0.0.0/0"
            ],
            "source_service_accounts": [],
            "source_tags": [],
            "target_service_accounts": [],
            "target_tags": [],
            "timeouts": null
          },
          "sensitive_attributes": [],
          "private": "eyJlMmJmYjczMC1lY2FhLTExZTYtOGY4OC0zNDM2M2JjN2M0YzAiOnsiY3JlYXRlIjoxMjAwMDAwMDAwMDAwLCJkZWxldGUiOjEyMDAwMDAwMDAwMDAsInVwZGF0ZSI6MTIwMDAwMDAwMDAwMH0sInNjaGVtYV92ZXJzaW9uIjoiMSJ9",
          "dependencies": [
            "google_compute_network.tcb-gcp-network"
          ]
        }
      ]
    },
    {
      "mode": "managed",
      "type": "google_compute_firewall",
      "name": "gcp-allow-ssh",
      "provider": "provider[\"registry.terraform.io/hashicorp/google\"]",
      "instances": [
        {
          "schema_version": 1,
          "attributes": {
            "allow": [
              {
                "ports": [
                  "22"
                ],
                "protocol": "tcp"
              }
            ],
            "creation_timestamp": "2023-04-05T05:29:26.427-07:00",
            "deny": [],
            "description": "",
            "destination_ranges": [],
            "direction": "INGRESS",
            "disabled": false,
            "enable_logging": null,
            "id": "projects/tcb-gcp-aws-45/global/firewalls/tcb-gcp-network-gcp-allow-ssh",
            "log_config": [],
            "name": "tcb-gcp-network-gcp-allow-ssh",
            "network": "https://www.googleapis.com/compute/v1/projects/tcb-gcp-aws-45/global/networks/tcb-gcp-network",
            "priority": 1000,
            "project": "tcb-gcp-aws-45",
            "self_link": "https://www.googleapis.com/compute/v1/projects/tcb-gcp-aws-45/global/firewalls/tcb-gcp-network-gcp-allow-ssh",
            "source_ranges": [
              "0.0.0.0/0"
            ],
            "source_service_accounts": [],
            "source_tags": [],
            "target_service_accounts": [],
            "target_tags": [],
            "timeouts": null
          },
          "sensitive_attributes": [],
          "private": "eyJlMmJmYjczMC1lY2FhLTExZTYtOGY4OC0zNDM2M2JjN2M0YzAiOnsiY3JlYXRlIjoxMjAwMDAwMDAwMDAwLCJkZWxldGUiOjEyMDAwMDAwMDAwMDAsInVwZGF0ZSI6MTIwMDAwMDAwMDAwMH0sInNjaGVtYV92ZXJzaW9uIjoiMSJ9",
          "dependencies": [
            "google_compute_network.tcb-gcp-network"
          ]
        }
      ]
    },
    {
      "mode": "managed",
      "type": "google_compute_firewall",
      "name": "gcp-allow-vpn",
      "provider": "provider[\"registry.terraform.io/hashicorp/google\"]",
      "instances": [
        {
          "schema_version": 1,
          "attributes": {
            "allow": [
              {
                "ports": [
                  "0-65535"
                ],
                "protocol": "tcp"
              },
              {
                "ports": [
                  "0-65535"
                ],
                "protocol": "udp"
              }
            ],
            "creation_timestamp": "2023-04-05T05:29:26.547-07:00",
            "deny": [],
            "description": "",
            "destination_ranges": [],
            "direction": "INGRESS",
            "disabled": false,
            "enable_logging": null,
            "id": "projects/tcb-gcp-aws-45/global/firewalls/tcb-gcp-network-gcp-allow-vpn",
            "log_config": [],
            "name": "tcb-gcp-network-gcp-allow-vpn",
            "network": "https://www.googleapis.com/compute/v1/projects/tcb-gcp-aws-45/global/networks/tcb-gcp-network",
            "priority": 1000,
            "project": "tcb-gcp-aws-45",
            "self_link": "https://www.googleapis.com/compute/v1/projects/tcb-gcp-aws-45/global/firewalls/tcb-gcp-network-gcp-allow-vpn",
            "source_ranges": [
              "172.16.0.0/24"
            ],
            "source_service_accounts": [],
            "source_tags": [],
            "target_service_accounts": [],
            "target_tags": [],
            "timeouts": null
          },
          "sensitive_attributes": [],
          "private": "eyJlMmJmYjczMC1lY2FhLTExZTYtOGY4OC0zNDM2M2JjN2M0YzAiOnsiY3JlYXRlIjoxMjAwMDAwMDAwMDAwLCJkZWxldGUiOjEyMDAwMDAwMDAwMDAsInVwZGF0ZSI6MTIwMDAwMDAwMDAwMH0sInNjaGVtYV92ZXJzaW9uIjoiMSJ9",
          "dependencies": [
            "google_compute_network.tcb-gcp-network"
          ]
        }
      ]
    },
    {
      "mode": "managed",
      "type": "google_compute_ha_vpn_gateway",
      "name": "gcp-vpn-gw",
      "provider": "provider[\"registry.terraform.io/hashicorp/google\"]",
      "instances": [
        {
          "schema_version": 0,
          "attributes": {
            "description": "",
            "id": "projects/tcb-gcp-aws-45/regions/us-west1/vpnGateways/gcp-vpn-gw-us-west1",
            "name": "gcp-vpn-gw-us-west1",
            "network": "https://www.googleapis.com/compute/v1/projects/tcb-gcp-aws-45/global/networks/tcb-gcp-network",
            "project": "tcb-gcp-aws-45",
            "region": "us-west1",
            "self_link": "https://www.googleapis.com/compute/v1/projects/tcb-gcp-aws-45/regions/us-west1/vpnGateways/gcp-vpn-gw-us-west1",
            "timeouts": null,
            "vpn_interfaces": [
              {
                "id": 0,
                "interconnect_attachment": "",
                "ip_address": "34.157.119.155"
              },
              {
                "id": 1,
                "interconnect_attachment": "",
                "ip_address": "35.220.50.24"
              }
            ]
          },
          "sensitive_attributes": [],
          "private": "eyJlMmJmYjczMC1lY2FhLTExZTYtOGY4OC0zNDM2M2JjN2M0YzAiOnsiY3JlYXRlIjoxMjAwMDAwMDAwMDAwLCJkZWxldGUiOjEyMDAwMDAwMDAwMDB9fQ==",
          "dependencies": [
            "google_compute_network.tcb-gcp-network"
          ]
        }
      ]
    },
    {
      "mode": "managed",
      "type": "google_compute_instance",
      "name": "tcb-gcp-vm-01",
      "provider": "provider[\"registry.terraform.io/hashicorp/google\"]",
      "instances": [
        {
          "schema_version": 6,
          "attributes": {
            "advanced_machine_features": [],
            "allow_stopping_for_update": null,
            "attached_disk": [],
            "boot_disk": [
              {
                "auto_delete": true,
                "device_name": "persistent-disk-0",
                "disk_encryption_key_raw": "",
                "disk_encryption_key_sha256": "",
                "initialize_params": [
                  {
                    "image": "https://www.googleapis.com/compute/v1/projects/ubuntu-os-cloud/global/images/ubuntu-2004-focal-v20230302",
                    "labels": {},
                    "size": 10,
                    "type": "pd-standard"
                  }
                ],
                "kms_key_self_link": "",
                "mode": "READ_WRITE",
                "source": "https://www.googleapis.com/compute/v1/projects/tcb-gcp-aws-45/zones/us-west1-a/disks/tcb-gcp-vm-01"
              }
            ],
            "can_ip_forward": false,
            "confidential_instance_config": [],
            "cpu_platform": "Intel Broadwell",
            "current_status": "RUNNING",
            "deletion_protection": false,
            "description": "",
            "desired_status": null,
            "enable_display": false,
            "guest_accelerator": [],
            "hostname": "",
            "id": "projects/tcb-gcp-aws-45/zones/us-west1-a/instances/tcb-gcp-vm-01",
            "instance_id": "1546630040089838400",
            "label_fingerprint": "42WmSpB8rSM=",
            "labels": null,
            "machine_type": "e2-micro",
            "metadata": null,
            "metadata_fingerprint": "IQoXzJO9Cls=",
            "metadata_startup_script": "#!/bin/bash -xe\n\n# Copyright 2017 Google Inc.\n#\n# Licensed under the Apache License, Version 2.0 (the \"License\");\n# you may not use this file except in compliance with the License.\n# You may obtain a copy of the License at\n#\n#   http://www.apache.org/licenses/LICENSE-2.0\n#\n# Unless required by applicable law or agreed to in writing, software\n# distributed under the License is distributed on an \"AS IS\" BASIS,\n# WITHOUT WARRANTIES OR CONDITIONS OF ANY KIND, either express or implied.\n# See the License for the specific language governing permissions and\n# limitations under the License.\n\n\n# Make it easy to run iperf3.\necho \"iperf3 -c 44.238.75.181 -p 80 -i 1 -t 30 -P 8 -V\" \u003e /tmp/run_iperf_to_ext.sh\nchmod 755 /tmp/run_iperf_to_ext.sh\necho \"iperf3 -c 172.16.0.100 -p 80 -i 1 -t 30 -P 8 -V\" \u003e /tmp/run_iperf_to_int.sh\nchmod 755 /tmp/run_iperf_to_int.sh\n\n# Setup iperf3.\napt-get update\napt-get install -y iperf3\n\ncat \u003e /etc/systemd/system/iperf3.service \u003c\u003cEOF\n[Unit]\nDescription=iPerf 3 Server\n[Service]\nRestart=always\nTimeoutStartSec=0\nRestartSec=3\nWorkingDirectory=/tmp\nExecStart=/usr/bin/iperf3 -s -p 80\n[Install]\nWantedBy=multi-user.target\nEOF\n\nsystemctl daemon-reload\nsystemctl enable iperf3\nsystemctl start iperf3\n",
            "min_cpu_platform": "",
            "name": "tcb-gcp-vm-01",
            "network_interface": [
              {
                "access_config": [
                  {
                    "nat_ip": "35.185.229.184",
                    "network_tier": "PREMIUM",
                    "public_ptr_domain_name": ""
                  }
                ],
                "alias_ip_range": [],
                "ipv6_access_config": [],
                "ipv6_access_type": "",
                "name": "nic0",
                "network": "https://www.googleapis.com/compute/v1/projects/tcb-gcp-aws-45/global/networks/tcb-gcp-network",
                "network_ip": "10.88.0.100",
                "nic_type": "",
                "queue_count": 0,
                "stack_type": "IPV4_ONLY",
                "subnetwork": "https://www.googleapis.com/compute/v1/projects/tcb-gcp-aws-45/regions/us-west1/subnetworks/tcb-gcp-subnet1",
                "subnetwork_project": "tcb-gcp-aws-45"
              }
            ],
            "project": "tcb-gcp-aws-45",
            "reservation_affinity": [],
            "resource_policies": null,
            "scheduling": [
              {
                "automatic_restart": true,
                "min_node_cpus": 0,
                "node_affinities": [],
                "on_host_maintenance": "MIGRATE",
                "preemptible": false
              }
            ],
            "scratch_disk": [],
            "self_link": "https://www.googleapis.com/compute/v1/projects/tcb-gcp-aws-45/zones/us-west1-a/instances/tcb-gcp-vm-01",
            "service_account": [],
            "shielded_instance_config": [
              {
                "enable_integrity_monitoring": true,
                "enable_secure_boot": false,
                "enable_vtpm": true
              }
            ],
            "tags": null,
            "tags_fingerprint": "42WmSpB8rSM=",
            "timeouts": null,
            "zone": "us-west1-a"
          },
          "sensitive_attributes": [],
          "private": "eyJlMmJmYjczMC1lY2FhLTExZTYtOGY4OC0zNDM2M2JjN2M0YzAiOnsiY3JlYXRlIjoxMjAwMDAwMDAwMDAwLCJkZWxldGUiOjEyMDAwMDAwMDAwMDAsInVwZGF0ZSI6MTIwMDAwMDAwMDAwMH0sInNjaGVtYV92ZXJzaW9uIjoiNiJ9",
          "dependencies": [
            "aws_eip.aws-ip",
            "aws_instance.tcb-aws-vm-01",
            "aws_security_group.aws-allow-icmp",
            "aws_security_group.aws-allow-internet",
            "aws_security_group.aws-allow-ssh",
            "aws_security_group.aws-allow-vpn",
            "aws_subnet.tcb-aws-subnet1",
            "data.aws_ami.ubuntu",
            "data.google_compute_zones.available",
            "google_compute_address.gcp-ip",
            "google_compute_subnetwork.tcb-gcp-subnet1"
          ]
        }
      ]
    },
    {
      "mode": "managed",
      "type": "google_compute_network",
      "name": "tcb-gcp-network",
      "provider": "provider[\"registry.terraform.io/hashicorp/google\"]",
      "instances": [
        {
          "schema_version": 0,
          "attributes": {
            "auto_create_subnetworks": false,
            "delete_default_routes_on_create": false,
            "description": "",
            "gateway_ipv4": "",
            "id": "projects/tcb-gcp-aws-45/global/networks/tcb-gcp-network",
            "mtu": 0,
            "name": "tcb-gcp-network",
            "project": "tcb-gcp-aws-45",
            "routing_mode": "REGIONAL",
            "self_link": "https://www.googleapis.com/compute/v1/projects/tcb-gcp-aws-45/global/networks/tcb-gcp-network",
            "timeouts": null
          },
          "sensitive_attributes": [],
          "private": "eyJlMmJmYjczMC1lY2FhLTExZTYtOGY4OC0zNDM2M2JjN2M0YzAiOnsiY3JlYXRlIjoxMjAwMDAwMDAwMDAwLCJkZWxldGUiOjEyMDAwMDAwMDAwMDAsInVwZGF0ZSI6MTIwMDAwMDAwMDAwMH19"
        }
      ]
    },
    {
      "mode": "managed",
      "type": "google_compute_router",
      "name": "gcp-router1",
      "provider": "provider[\"registry.terraform.io/hashicorp/google\"]",
      "instances": [
        {
          "schema_version": 0,
          "attributes": {
            "bgp": [
              {
                "advertise_mode": "DEFAULT",
                "advertised_groups": [],
                "advertised_ip_ranges": [],
                "asn": 65000,
                "keepalive_interval": 20
              }
            ],
            "creation_timestamp": "2023-04-05T05:29:48.709-07:00",
            "description": "",
            "encrypted_interconnect_router": false,
            "id": "projects/tcb-gcp-aws-45/regions/us-west1/routers/gcp-router1",
            "name": "gcp-router1",
            "network": "https://www.googleapis.com/compute/v1/projects/tcb-gcp-aws-45/global/networks/tcb-gcp-network",
            "project": "tcb-gcp-aws-45",
            "region": "us-west1",
            "self_link": "https://www.googleapis.com/compute/v1/projects/tcb-gcp-aws-45/regions/us-west1/routers/gcp-router1",
            "timeouts": null
          },
          "sensitive_attributes": [],
          "private": "eyJlMmJmYjczMC1lY2FhLTExZTYtOGY4OC0zNDM2M2JjN2M0YzAiOnsiY3JlYXRlIjoxMjAwMDAwMDAwMDAwLCJkZWxldGUiOjEyMDAwMDAwMDAwMDAsInVwZGF0ZSI6MTIwMDAwMDAwMDAwMH19",
          "dependencies": [
            "aws_customer_gateway.aws-cgw-1",
            "google_compute_ha_vpn_gateway.gcp-vpn-gw",
            "google_compute_network.tcb-gcp-network"
          ]
        }
      ]
    },
    {
      "mode": "managed",
      "type": "google_compute_router",
      "name": "gcp-router2",
      "provider": "provider[\"registry.terraform.io/hashicorp/google\"]",
      "instances": [
        {
          "schema_version": 0,
          "attributes": {
            "bgp": [
              {
                "advertise_mode": "CUSTOM",
                "advertised_groups": [
                  "ALL_SUBNETS"
                ],
                "advertised_ip_ranges": [],
                "asn": 65000,
                "keepalive_interval": 20
              }
            ],
            "creation_timestamp": "2023-04-05T05:29:49.022-07:00",
            "description": "",
            "encrypted_interconnect_router": false,
            "id": "projects/tcb-gcp-aws-45/regions/us-west1/routers/gcp-router2",
            "name": "gcp-router2",
            "network": "https://www.googleapis.com/compute/v1/projects/tcb-gcp-aws-45/global/networks/tcb-gcp-network",
            "project": "tcb-gcp-aws-45",
            "region": "us-west1",
            "self_link": "https://www.googleapis.com/compute/v1/projects/tcb-gcp-aws-45/regions/us-west1/routers/gcp-router2",
            "timeouts": null
          },
          "sensitive_attributes": [],
          "private": "eyJlMmJmYjczMC1lY2FhLTExZTYtOGY4OC0zNDM2M2JjN2M0YzAiOnsiY3JlYXRlIjoxMjAwMDAwMDAwMDAwLCJkZWxldGUiOjEyMDAwMDAwMDAwMDAsInVwZGF0ZSI6MTIwMDAwMDAwMDAwMH19",
          "dependencies": [
            "aws_customer_gateway.aws-cgw-2",
            "google_compute_ha_vpn_gateway.gcp-vpn-gw",
            "google_compute_network.tcb-gcp-network"
          ]
        }
      ]
    },
    {
      "mode": "managed",
      "type": "google_compute_router",
      "name": "gcp-router3",
      "provider": "provider[\"registry.terraform.io/hashicorp/google\"]",
      "instances": [
        {
          "schema_version": 0,
          "attributes": {
            "bgp": [
              {
                "advertise_mode": "CUSTOM",
                "advertised_groups": [
                  "ALL_SUBNETS"
                ],
                "advertised_ip_ranges": [],
                "asn": 65000,
                "keepalive_interval": 20
              }
            ],
            "creation_timestamp": "2023-04-05T05:29:48.927-07:00",
            "description": "",
            "encrypted_interconnect_router": false,
            "id": "projects/tcb-gcp-aws-45/regions/us-west1/routers/gcp-router3",
            "name": "gcp-router3",
            "network": "https://www.googleapis.com/compute/v1/projects/tcb-gcp-aws-45/global/networks/tcb-gcp-network",
            "project": "tcb-gcp-aws-45",
            "region": "us-west1",
            "self_link": "https://www.googleapis.com/compute/v1/projects/tcb-gcp-aws-45/regions/us-west1/routers/gcp-router3",
            "timeouts": null
          },
          "sensitive_attributes": [],
          "private": "eyJlMmJmYjczMC1lY2FhLTExZTYtOGY4OC0zNDM2M2JjN2M0YzAiOnsiY3JlYXRlIjoxMjAwMDAwMDAwMDAwLCJkZWxldGUiOjEyMDAwMDAwMDAwMDAsInVwZGF0ZSI6MTIwMDAwMDAwMDAwMH19",
          "dependencies": [
            "aws_customer_gateway.aws-cgw-2",
            "google_compute_ha_vpn_gateway.gcp-vpn-gw",
            "google_compute_network.tcb-gcp-network"
          ]
        }
      ]
    },
    {
      "mode": "managed",
      "type": "google_compute_router",
      "name": "gcp-router4",
      "provider": "provider[\"registry.terraform.io/hashicorp/google\"]",
      "instances": [
        {
          "schema_version": 0,
          "attributes": {
            "bgp": [
              {
                "advertise_mode": "CUSTOM",
                "advertised_groups": [
                  "ALL_SUBNETS"
                ],
                "advertised_ip_ranges": [],
                "asn": 65000,
                "keepalive_interval": 20
              }
            ],
            "creation_timestamp": "2023-04-05T05:29:48.581-07:00",
            "description": "",
            "encrypted_interconnect_router": false,
            "id": "projects/tcb-gcp-aws-45/regions/us-west1/routers/gcp-router4",
            "name": "gcp-router4",
            "network": "https://www.googleapis.com/compute/v1/projects/tcb-gcp-aws-45/global/networks/tcb-gcp-network",
            "project": "tcb-gcp-aws-45",
            "region": "us-west1",
            "self_link": "https://www.googleapis.com/compute/v1/projects/tcb-gcp-aws-45/regions/us-west1/routers/gcp-router4",
            "timeouts": null
          },
          "sensitive_attributes": [],
          "private": "eyJlMmJmYjczMC1lY2FhLTExZTYtOGY4OC0zNDM2M2JjN2M0YzAiOnsiY3JlYXRlIjoxMjAwMDAwMDAwMDAwLCJkZWxldGUiOjEyMDAwMDAwMDAwMDAsInVwZGF0ZSI6MTIwMDAwMDAwMDAwMH19",
          "dependencies": [
            "aws_customer_gateway.aws-cgw-2",
            "google_compute_ha_vpn_gateway.gcp-vpn-gw",
            "google_compute_network.tcb-gcp-network"
          ]
        }
      ]
    },
    {
      "mode": "managed",
      "type": "google_compute_router_interface",
      "name": "router_interface1",
      "provider": "provider[\"registry.terraform.io/hashicorp/google\"]",
      "instances": [
        {
          "schema_version": 0,
          "attributes": {
            "id": "us-west1/gcp-router1/gcp-to-aws-interface1",
            "interconnect_attachment": "",
            "ip_range": "169.254.128.222/30",
            "name": "gcp-to-aws-interface1",
            "project": "tcb-gcp-aws-45",
            "region": "us-west1",
            "router": "gcp-router1",
            "timeouts": null,
            "vpn_tunnel": "https://www.googleapis.com/compute/v1/projects/tcb-gcp-aws-45/regions/us-west1/vpnTunnels/gcp-tunnel1"
          },
          "sensitive_attributes": [],
          "private": "eyJlMmJmYjczMC1lY2FhLTExZTYtOGY4OC0zNDM2M2JjN2M0YzAiOnsiY3JlYXRlIjoyNDAwMDAwMDAwMDAsImRlbGV0ZSI6MjQwMDAwMDAwMDAwfX0=",
          "dependencies": [
            "aws_customer_gateway.aws-cgw-1",
            "aws_customer_gateway.aws-cgw-2",
            "aws_vpc.tcb-aws-vpc",
            "aws_vpn_connection.aws-vpn-connection1",
            "aws_vpn_connection.aws-vpn-connection2",
            "aws_vpn_gateway.aws-vpn-gw",
            "google_compute_external_vpn_gateway.external_gateway",
            "google_compute_ha_vpn_gateway.gcp-vpn-gw",
            "google_compute_network.tcb-gcp-network",
            "google_compute_router.gcp-router1",
            "google_compute_vpn_tunnel.gcp-tunnel1"
          ]
        }
      ]
    },
    {
      "mode": "managed",
      "type": "google_compute_router_interface",
      "name": "router_interface2",
      "provider": "provider[\"registry.terraform.io/hashicorp/google\"]",
      "instances": [
        {
          "schema_version": 0,
          "attributes": {
            "id": "us-west1/gcp-router2/gcp-to-aws-interface2",
            "interconnect_attachment": "",
            "ip_range": "169.254.167.162/30",
            "name": "gcp-to-aws-interface2",
            "project": "tcb-gcp-aws-45",
            "region": "us-west1",
            "router": "gcp-router2",
            "timeouts": null,
            "vpn_tunnel": "https://www.googleapis.com/compute/v1/projects/tcb-gcp-aws-45/regions/us-west1/vpnTunnels/gcp-tunnel2"
          },
          "sensitive_attributes": [],
          "private": "eyJlMmJmYjczMC1lY2FhLTExZTYtOGY4OC0zNDM2M2JjN2M0YzAiOnsiY3JlYXRlIjoyNDAwMDAwMDAwMDAsImRlbGV0ZSI6MjQwMDAwMDAwMDAwfX0=",
          "dependencies": [
            "aws_customer_gateway.aws-cgw-1",
            "aws_customer_gateway.aws-cgw-2",
            "aws_vpc.tcb-aws-vpc",
            "aws_vpn_connection.aws-vpn-connection1",
            "aws_vpn_connection.aws-vpn-connection2",
            "aws_vpn_gateway.aws-vpn-gw",
            "google_compute_external_vpn_gateway.external_gateway",
            "google_compute_ha_vpn_gateway.gcp-vpn-gw",
            "google_compute_network.tcb-gcp-network",
            "google_compute_router.gcp-router2",
            "google_compute_vpn_tunnel.gcp-tunnel2"
          ]
        }
      ]
    },
    {
      "mode": "managed",
      "type": "google_compute_router_interface",
      "name": "router_interface3",
      "provider": "provider[\"registry.terraform.io/hashicorp/google\"]",
      "instances": [
        {
          "schema_version": 0,
          "attributes": {
            "id": "us-west1/gcp-router3/gcp-to-aws-interface3",
            "interconnect_attachment": "",
            "ip_range": "169.254.220.130/30",
            "name": "gcp-to-aws-interface3",
            "project": "tcb-gcp-aws-45",
            "region": "us-west1",
            "router": "gcp-router3",
            "timeouts": null,
            "vpn_tunnel": "https://www.googleapis.com/compute/v1/projects/tcb-gcp-aws-45/regions/us-west1/vpnTunnels/gcp-tunnel3"
          },
          "sensitive_attributes": [],
          "private": "eyJlMmJmYjczMC1lY2FhLTExZTYtOGY4OC0zNDM2M2JjN2M0YzAiOnsiY3JlYXRlIjoyNDAwMDAwMDAwMDAsImRlbGV0ZSI6MjQwMDAwMDAwMDAwfX0=",
          "dependencies": [
            "aws_customer_gateway.aws-cgw-1",
            "aws_customer_gateway.aws-cgw-2",
            "aws_vpc.tcb-aws-vpc",
            "aws_vpn_connection.aws-vpn-connection1",
            "aws_vpn_connection.aws-vpn-connection2",
            "aws_vpn_gateway.aws-vpn-gw",
            "google_compute_external_vpn_gateway.external_gateway",
            "google_compute_ha_vpn_gateway.gcp-vpn-gw",
            "google_compute_network.tcb-gcp-network",
            "google_compute_router.gcp-router3",
            "google_compute_vpn_tunnel.gcp-tunnel3"
          ]
        }
      ]
    },
    {
      "mode": "managed",
      "type": "google_compute_router_interface",
      "name": "router_interface4",
      "provider": "provider[\"registry.terraform.io/hashicorp/google\"]",
      "instances": [
        {
          "schema_version": 0,
          "attributes": {
            "id": "us-west1/gcp-router4/gcp-to-aws-interface4",
            "interconnect_attachment": "",
            "ip_range": "169.254.227.214/30",
            "name": "gcp-to-aws-interface4",
            "project": "tcb-gcp-aws-45",
            "region": "us-west1",
            "router": "gcp-router4",
            "timeouts": null,
            "vpn_tunnel": "https://www.googleapis.com/compute/v1/projects/tcb-gcp-aws-45/regions/us-west1/vpnTunnels/gcp-tunnel4"
          },
          "sensitive_attributes": [],
          "private": "eyJlMmJmYjczMC1lY2FhLTExZTYtOGY4OC0zNDM2M2JjN2M0YzAiOnsiY3JlYXRlIjoyNDAwMDAwMDAwMDAsImRlbGV0ZSI6MjQwMDAwMDAwMDAwfX0=",
          "dependencies": [
            "aws_customer_gateway.aws-cgw-1",
            "aws_customer_gateway.aws-cgw-2",
            "aws_vpc.tcb-aws-vpc",
            "aws_vpn_connection.aws-vpn-connection1",
            "aws_vpn_connection.aws-vpn-connection2",
            "aws_vpn_gateway.aws-vpn-gw",
            "google_compute_external_vpn_gateway.external_gateway",
            "google_compute_ha_vpn_gateway.gcp-vpn-gw",
            "google_compute_network.tcb-gcp-network",
            "google_compute_router.gcp-router4",
            "google_compute_vpn_tunnel.gcp-tunnel4"
          ]
        }
      ]
    },
    {
      "mode": "managed",
      "type": "google_compute_router_peer",
      "name": "gcp-router1-peer",
      "provider": "provider[\"registry.terraform.io/hashicorp/google\"]",
      "instances": [
        {
          "schema_version": 0,
          "attributes": {
            "advertise_mode": "DEFAULT",
            "advertised_groups": [],
            "advertised_ip_ranges": [],
            "advertised_route_priority": 0,
            "bfd": [
              {
                "min_receive_interval": 1000,
                "min_transmit_interval": 1000,
                "multiplier": 5,
                "session_initialization_mode": "DISABLED"
              }
            ],
            "enable": true,
            "id": "projects/tcb-gcp-aws-45/regions/us-west1/routers/gcp-router1/gcp-to-aws-bgp1",
            "interface": "gcp-to-aws-interface1",
            "ip_address": "169.254.128.222",
            "management_type": "",
            "name": "gcp-to-aws-bgp1",
            "peer_asn": 64512,
            "peer_ip_address": "169.254.128.221",
            "project": "tcb-gcp-aws-45",
            "region": "us-west1",
            "router": "gcp-router1",
            "timeouts": null
          },
          "sensitive_attributes": [],
          "private": "eyJlMmJmYjczMC1lY2FhLTExZTYtOGY4OC0zNDM2M2JjN2M0YzAiOnsiY3JlYXRlIjoxMjAwMDAwMDAwMDAwLCJkZWxldGUiOjEyMDAwMDAwMDAwMDAsInVwZGF0ZSI6MTIwMDAwMDAwMDAwMH19",
          "dependencies": [
            "aws_customer_gateway.aws-cgw-1",
            "aws_customer_gateway.aws-cgw-2",
            "aws_vpc.tcb-aws-vpc",
            "aws_vpn_connection.aws-vpn-connection1",
            "aws_vpn_connection.aws-vpn-connection2",
            "aws_vpn_gateway.aws-vpn-gw",
            "google_compute_external_vpn_gateway.external_gateway",
            "google_compute_ha_vpn_gateway.gcp-vpn-gw",
            "google_compute_network.tcb-gcp-network",
            "google_compute_router.gcp-router1",
            "google_compute_router_interface.router_interface1",
            "google_compute_vpn_tunnel.gcp-tunnel1"
          ]
        }
      ]
    },
    {
      "mode": "managed",
      "type": "google_compute_router_peer",
      "name": "gcp-router2-peer",
      "provider": "provider[\"registry.terraform.io/hashicorp/google\"]",
      "instances": [
        {
          "schema_version": 0,
          "attributes": {
            "advertise_mode": "DEFAULT",
            "advertised_groups": [],
            "advertised_ip_ranges": [],
            "advertised_route_priority": 0,
            "bfd": [
              {
                "min_receive_interval": 1000,
                "min_transmit_interval": 1000,
                "multiplier": 5,
                "session_initialization_mode": "DISABLED"
              }
            ],
            "enable": true,
            "id": "projects/tcb-gcp-aws-45/regions/us-west1/routers/gcp-router2/gcp-to-aws-bgp2",
            "interface": "gcp-to-aws-interface2",
            "ip_address": "169.254.167.162",
            "management_type": "",
            "name": "gcp-to-aws-bgp2",
            "peer_asn": 64512,
            "peer_ip_address": "169.254.167.161",
            "project": "tcb-gcp-aws-45",
            "region": "us-west1",
            "router": "gcp-router2",
            "timeouts": null
          },
          "sensitive_attributes": [],
          "private": "eyJlMmJmYjczMC1lY2FhLTExZTYtOGY4OC0zNDM2M2JjN2M0YzAiOnsiY3JlYXRlIjoxMjAwMDAwMDAwMDAwLCJkZWxldGUiOjEyMDAwMDAwMDAwMDAsInVwZGF0ZSI6MTIwMDAwMDAwMDAwMH19",
          "dependencies": [
            "aws_customer_gateway.aws-cgw-1",
            "aws_customer_gateway.aws-cgw-2",
            "aws_vpc.tcb-aws-vpc",
            "aws_vpn_connection.aws-vpn-connection1",
            "aws_vpn_connection.aws-vpn-connection2",
            "aws_vpn_gateway.aws-vpn-gw",
            "google_compute_external_vpn_gateway.external_gateway",
            "google_compute_ha_vpn_gateway.gcp-vpn-gw",
            "google_compute_network.tcb-gcp-network",
            "google_compute_router.gcp-router2",
            "google_compute_router_interface.router_interface2",
            "google_compute_vpn_tunnel.gcp-tunnel2"
          ]
        }
      ]
    },
    {
      "mode": "managed",
      "type": "google_compute_router_peer",
      "name": "gcp-router3-peer",
      "provider": "provider[\"registry.terraform.io/hashicorp/google\"]",
      "instances": [
        {
          "schema_version": 0,
          "attributes": {
            "advertise_mode": "DEFAULT",
            "advertised_groups": [],
            "advertised_ip_ranges": [],
            "advertised_route_priority": 0,
            "bfd": [
              {
                "min_receive_interval": 1000,
                "min_transmit_interval": 1000,
                "multiplier": 5,
                "session_initialization_mode": "DISABLED"
              }
            ],
            "enable": true,
            "id": "projects/tcb-gcp-aws-45/regions/us-west1/routers/gcp-router3/gcp-to-aws-bgp3",
            "interface": "gcp-to-aws-interface3",
            "ip_address": "169.254.220.130",
            "management_type": "",
            "name": "gcp-to-aws-bgp3",
            "peer_asn": 64512,
            "peer_ip_address": "169.254.220.129",
            "project": "tcb-gcp-aws-45",
            "region": "us-west1",
            "router": "gcp-router3",
            "timeouts": null
          },
          "sensitive_attributes": [],
          "private": "eyJlMmJmYjczMC1lY2FhLTExZTYtOGY4OC0zNDM2M2JjN2M0YzAiOnsiY3JlYXRlIjoxMjAwMDAwMDAwMDAwLCJkZWxldGUiOjEyMDAwMDAwMDAwMDAsInVwZGF0ZSI6MTIwMDAwMDAwMDAwMH19",
          "dependencies": [
            "aws_customer_gateway.aws-cgw-1",
            "aws_customer_gateway.aws-cgw-2",
            "aws_vpc.tcb-aws-vpc",
            "aws_vpn_connection.aws-vpn-connection1",
            "aws_vpn_connection.aws-vpn-connection2",
            "aws_vpn_gateway.aws-vpn-gw",
            "google_compute_external_vpn_gateway.external_gateway",
            "google_compute_ha_vpn_gateway.gcp-vpn-gw",
            "google_compute_network.tcb-gcp-network",
            "google_compute_router.gcp-router3",
            "google_compute_router_interface.router_interface3",
            "google_compute_vpn_tunnel.gcp-tunnel3"
          ]
        }
      ]
    },
    {
      "mode": "managed",
      "type": "google_compute_router_peer",
      "name": "gcp-router4-peer",
      "provider": "provider[\"registry.terraform.io/hashicorp/google\"]",
      "instances": [
        {
          "schema_version": 0,
          "attributes": {
            "advertise_mode": "DEFAULT",
            "advertised_groups": [],
            "advertised_ip_ranges": [],
            "advertised_route_priority": 0,
            "bfd": [
              {
                "min_receive_interval": 1000,
                "min_transmit_interval": 1000,
                "multiplier": 5,
                "session_initialization_mode": "DISABLED"
              }
            ],
            "enable": true,
            "id": "projects/tcb-gcp-aws-45/regions/us-west1/routers/gcp-router4/gcp-to-aws-bgp4",
            "interface": "gcp-to-aws-interface4",
            "ip_address": "169.254.227.214",
            "management_type": "",
            "name": "gcp-to-aws-bgp4",
            "peer_asn": 64512,
            "peer_ip_address": "169.254.227.213",
            "project": "tcb-gcp-aws-45",
            "region": "us-west1",
            "router": "gcp-router4",
            "timeouts": null
          },
          "sensitive_attributes": [],
          "private": "eyJlMmJmYjczMC1lY2FhLTExZTYtOGY4OC0zNDM2M2JjN2M0YzAiOnsiY3JlYXRlIjoxMjAwMDAwMDAwMDAwLCJkZWxldGUiOjEyMDAwMDAwMDAwMDAsInVwZGF0ZSI6MTIwMDAwMDAwMDAwMH19",
          "dependencies": [
            "aws_customer_gateway.aws-cgw-1",
            "aws_customer_gateway.aws-cgw-2",
            "aws_vpc.tcb-aws-vpc",
            "aws_vpn_connection.aws-vpn-connection1",
            "aws_vpn_connection.aws-vpn-connection2",
            "aws_vpn_gateway.aws-vpn-gw",
            "google_compute_external_vpn_gateway.external_gateway",
            "google_compute_ha_vpn_gateway.gcp-vpn-gw",
            "google_compute_network.tcb-gcp-network",
            "google_compute_router.gcp-router4",
            "google_compute_router_interface.router_interface4",
            "google_compute_vpn_tunnel.gcp-tunnel4"
          ]
        }
      ]
    },
    {
      "mode": "managed",
      "type": "google_compute_subnetwork",
      "name": "tcb-gcp-subnet1",
      "provider": "provider[\"registry.terraform.io/hashicorp/google\"]",
      "instances": [
        {
          "schema_version": 0,
          "attributes": {
            "creation_timestamp": "2023-04-05T05:29:27.417-07:00",
            "description": "",
            "external_ipv6_prefix": "",
            "fingerprint": null,
            "gateway_address": "10.88.0.1",
            "id": "projects/tcb-gcp-aws-45/regions/us-west1/subnetworks/tcb-gcp-subnet1",
            "ip_cidr_range": "10.88.0.0/24",
            "ipv6_access_type": "",
            "ipv6_cidr_range": "",
            "log_config": [],
            "name": "tcb-gcp-subnet1",
            "network": "https://www.googleapis.com/compute/v1/projects/tcb-gcp-aws-45/global/networks/tcb-gcp-network",
            "private_ip_google_access": false,
            "private_ipv6_google_access": "DISABLE_GOOGLE_ACCESS",
            "project": "tcb-gcp-aws-45",
            "purpose": "PRIVATE",
            "region": "us-west1",
            "role": "",
            "secondary_ip_range": [],
            "self_link": "https://www.googleapis.com/compute/v1/projects/tcb-gcp-aws-45/regions/us-west1/subnetworks/tcb-gcp-subnet1",
            "stack_type": "IPV4_ONLY",
            "timeouts": null
          },
          "sensitive_attributes": [],
          "private": "eyJlMmJmYjczMC1lY2FhLTExZTYtOGY4OC0zNDM2M2JjN2M0YzAiOnsiY3JlYXRlIjoxMjAwMDAwMDAwMDAwLCJkZWxldGUiOjEyMDAwMDAwMDAwMDAsInVwZGF0ZSI6MTIwMDAwMDAwMDAwMH19",
          "dependencies": [
            "google_compute_network.tcb-gcp-network"
          ]
        }
      ]
    },
    {
      "mode": "managed",
      "type": "google_compute_vpn_tunnel",
      "name": "gcp-tunnel1",
      "provider": "provider[\"registry.terraform.io/hashicorp/google\"]",
      "instances": [
        {
          "schema_version": 0,
          "attributes": {
            "creation_timestamp": "2023-04-05T05:33:01.477-07:00",
            "description": "",
            "detailed_status": "Tunnel is up and running.",
            "id": "projects/tcb-gcp-aws-45/regions/us-west1/vpnTunnels/gcp-tunnel1",
            "ike_version": 2,
            "local_traffic_selector": [
              "0.0.0.0/0"
            ],
            "name": "gcp-tunnel1",
            "peer_external_gateway": "https://www.googleapis.com/compute/v1/projects/tcb-gcp-aws-45/global/externalVpnGateways/aws-gateway",
            "peer_external_gateway_interface": 0,
            "peer_gcp_gateway": "",
            "peer_ip": "34.208.164.96",
            "project": "tcb-gcp-aws-45",
            "region": "us-west1",
            "remote_traffic_selector": [
              "0.0.0.0/0"
            ],
            "router": "https://www.googleapis.com/compute/v1/projects/tcb-gcp-aws-45/regions/us-west1/routers/gcp-router1",
            "self_link": "https://www.googleapis.com/compute/v1/projects/tcb-gcp-aws-45/regions/us-west1/vpnTunnels/gcp-tunnel1",
            "shared_secret": "ekxzqJ0PEwd4QB6X0E.RfFTzHlg_Kp6W",
            "shared_secret_hash": "Ix-j0Sxr_zG7RO2rCACLxnlNsw8P",
            "target_vpn_gateway": "",
            "timeouts": null,
            "tunnel_id": "8422086869474399378",
            "vpn_gateway": "https://www.googleapis.com/compute/v1/projects/tcb-gcp-aws-45/regions/us-west1/vpnGateways/gcp-vpn-gw-us-west1",
            "vpn_gateway_interface": 0
          },
          "sensitive_attributes": [
            [
              {
                "type": "get_attr",
                "value": "shared_secret"
              }
            ]
          ],
          "private": "eyJlMmJmYjczMC1lY2FhLTExZTYtOGY4OC0zNDM2M2JjN2M0YzAiOnsiY3JlYXRlIjoxMjAwMDAwMDAwMDAwLCJkZWxldGUiOjEyMDAwMDAwMDAwMDB9fQ==",
          "dependencies": [
            "aws_customer_gateway.aws-cgw-1",
            "aws_customer_gateway.aws-cgw-2",
            "aws_vpc.tcb-aws-vpc",
            "aws_vpn_connection.aws-vpn-connection1",
            "aws_vpn_connection.aws-vpn-connection2",
            "aws_vpn_gateway.aws-vpn-gw",
            "google_compute_external_vpn_gateway.external_gateway",
            "google_compute_ha_vpn_gateway.gcp-vpn-gw",
            "google_compute_network.tcb-gcp-network",
            "google_compute_router.gcp-router1"
          ]
        }
      ]
    },
    {
      "mode": "managed",
      "type": "google_compute_vpn_tunnel",
      "name": "gcp-tunnel2",
      "provider": "provider[\"registry.terraform.io/hashicorp/google\"]",
      "instances": [
        {
          "schema_version": 0,
          "attributes": {
            "creation_timestamp": "2023-04-05T05:33:01.816-07:00",
            "description": "",
            "detailed_status": "Tunnel is up and running.",
            "id": "projects/tcb-gcp-aws-45/regions/us-west1/vpnTunnels/gcp-tunnel2",
            "ike_version": 2,
            "local_traffic_selector": [
              "0.0.0.0/0"
            ],
            "name": "gcp-tunnel2",
            "peer_external_gateway": "https://www.googleapis.com/compute/v1/projects/tcb-gcp-aws-45/global/externalVpnGateways/aws-gateway",
            "peer_external_gateway_interface": 1,
            "peer_gcp_gateway": "",
            "peer_ip": "34.208.168.29",
            "project": "tcb-gcp-aws-45",
            "region": "us-west1",
            "remote_traffic_selector": [
              "0.0.0.0/0"
            ],
            "router": "https://www.googleapis.com/compute/v1/projects/tcb-gcp-aws-45/regions/us-west1/routers/gcp-router2",
            "self_link": "https://www.googleapis.com/compute/v1/projects/tcb-gcp-aws-45/regions/us-west1/vpnTunnels/gcp-tunnel2",
            "shared_secret": "9svTylF9vrX9beDFc5DOMZOjpQRA90N_",
            "shared_secret_hash": "FtKPrXW0R9Zg0C3p7fJ3YcSzNj4N",
            "target_vpn_gateway": "",
            "timeouts": null,
            "tunnel_id": "6052990210445202578",
            "vpn_gateway": "https://www.googleapis.com/compute/v1/projects/tcb-gcp-aws-45/regions/us-west1/vpnGateways/gcp-vpn-gw-us-west1",
            "vpn_gateway_interface": 0
          },
          "sensitive_attributes": [
            [
              {
                "type": "get_attr",
                "value": "shared_secret"
              }
            ]
          ],
          "private": "eyJlMmJmYjczMC1lY2FhLTExZTYtOGY4OC0zNDM2M2JjN2M0YzAiOnsiY3JlYXRlIjoxMjAwMDAwMDAwMDAwLCJkZWxldGUiOjEyMDAwMDAwMDAwMDB9fQ==",
          "dependencies": [
            "aws_customer_gateway.aws-cgw-1",
            "aws_customer_gateway.aws-cgw-2",
            "aws_vpc.tcb-aws-vpc",
            "aws_vpn_connection.aws-vpn-connection1",
            "aws_vpn_connection.aws-vpn-connection2",
            "aws_vpn_gateway.aws-vpn-gw",
            "google_compute_external_vpn_gateway.external_gateway",
            "google_compute_ha_vpn_gateway.gcp-vpn-gw",
            "google_compute_network.tcb-gcp-network",
            "google_compute_router.gcp-router2"
          ]
        }
      ]
    },
    {
      "mode": "managed",
      "type": "google_compute_vpn_tunnel",
      "name": "gcp-tunnel3",
      "provider": "provider[\"registry.terraform.io/hashicorp/google\"]",
      "instances": [
        {
          "schema_version": 0,
          "attributes": {
            "creation_timestamp": "2023-04-05T05:33:01.801-07:00",
            "description": "",
            "detailed_status": "Tunnel is up and running.",
            "id": "projects/tcb-gcp-aws-45/regions/us-west1/vpnTunnels/gcp-tunnel3",
            "ike_version": 2,
            "local_traffic_selector": [
              "0.0.0.0/0"
            ],
            "name": "gcp-tunnel3",
            "peer_external_gateway": "https://www.googleapis.com/compute/v1/projects/tcb-gcp-aws-45/global/externalVpnGateways/aws-gateway",
            "peer_external_gateway_interface": 2,
            "peer_gcp_gateway": "",
            "peer_ip": "34.213.220.177",
            "project": "tcb-gcp-aws-45",
            "region": "us-west1",
            "remote_traffic_selector": [
              "0.0.0.0/0"
            ],
            "router": "https://www.googleapis.com/compute/v1/projects/tcb-gcp-aws-45/regions/us-west1/routers/gcp-router3",
            "self_link": "https://www.googleapis.com/compute/v1/projects/tcb-gcp-aws-45/regions/us-west1/vpnTunnels/gcp-tunnel3",
            "shared_secret": "vsKBLpZ2BSAwftCRk2gxJr6iV85CrctC",
            "shared_secret_hash": "hrlcVtWuQJX4piWYvaoH42S7ahFY",
            "target_vpn_gateway": "",
            "timeouts": null,
            "tunnel_id": "3567190047214064786",
            "vpn_gateway": "https://www.googleapis.com/compute/v1/projects/tcb-gcp-aws-45/regions/us-west1/vpnGateways/gcp-vpn-gw-us-west1",
            "vpn_gateway_interface": 1
          },
          "sensitive_attributes": [
            [
              {
                "type": "get_attr",
                "value": "shared_secret"
              }
            ]
          ],
          "private": "eyJlMmJmYjczMC1lY2FhLTExZTYtOGY4OC0zNDM2M2JjN2M0YzAiOnsiY3JlYXRlIjoxMjAwMDAwMDAwMDAwLCJkZWxldGUiOjEyMDAwMDAwMDAwMDB9fQ==",
          "dependencies": [
            "aws_customer_gateway.aws-cgw-1",
            "aws_customer_gateway.aws-cgw-2",
            "aws_vpc.tcb-aws-vpc",
            "aws_vpn_connection.aws-vpn-connection1",
            "aws_vpn_connection.aws-vpn-connection2",
            "aws_vpn_gateway.aws-vpn-gw",
            "google_compute_external_vpn_gateway.external_gateway",
            "google_compute_ha_vpn_gateway.gcp-vpn-gw",
            "google_compute_network.tcb-gcp-network",
            "google_compute_router.gcp-router3"
          ]
        }
      ]
    },
    {
      "mode": "managed",
      "type": "google_compute_vpn_tunnel",
      "name": "gcp-tunnel4",
      "provider": "provider[\"registry.terraform.io/hashicorp/google\"]",
      "instances": [
        {
          "schema_version": 0,
          "attributes": {
            "creation_timestamp": "2023-04-05T05:33:01.759-07:00",
            "description": "",
            "detailed_status": "Tunnel is up and running.",
            "id": "projects/tcb-gcp-aws-45/regions/us-west1/vpnTunnels/gcp-tunnel4",
            "ike_version": 2,
            "local_traffic_selector": [
              "0.0.0.0/0"
            ],
            "name": "gcp-tunnel4",
            "peer_external_gateway": "https://www.googleapis.com/compute/v1/projects/tcb-gcp-aws-45/global/externalVpnGateways/aws-gateway",
            "peer_external_gateway_interface": 3,
            "peer_gcp_gateway": "",
            "peer_ip": "35.161.252.66",
            "project": "tcb-gcp-aws-45",
            "region": "us-west1",
            "remote_traffic_selector": [
              "0.0.0.0/0"
            ],
            "router": "https://www.googleapis.com/compute/v1/projects/tcb-gcp-aws-45/regions/us-west1/routers/gcp-router4",
            "self_link": "https://www.googleapis.com/compute/v1/projects/tcb-gcp-aws-45/regions/us-west1/vpnTunnels/gcp-tunnel4",
            "shared_secret": "WGHMjW63WEGIe05KOB3cpWqidXl0.isH",
            "shared_secret_hash": "WV1zzISDjqZ44yS-pcxp3JC8fNCp",
            "target_vpn_gateway": "",
            "timeouts": null,
            "tunnel_id": "300266032990311570",
            "vpn_gateway": "https://www.googleapis.com/compute/v1/projects/tcb-gcp-aws-45/regions/us-west1/vpnGateways/gcp-vpn-gw-us-west1",
            "vpn_gateway_interface": 1
          },
          "sensitive_attributes": [
            [
              {
                "type": "get_attr",
                "value": "shared_secret"
              }
            ]
          ],
          "private": "eyJlMmJmYjczMC1lY2FhLTExZTYtOGY4OC0zNDM2M2JjN2M0YzAiOnsiY3JlYXRlIjoxMjAwMDAwMDAwMDAwLCJkZWxldGUiOjEyMDAwMDAwMDAwMDB9fQ==",
          "dependencies": [
            "aws_customer_gateway.aws-cgw-1",
            "aws_customer_gateway.aws-cgw-2",
            "aws_vpc.tcb-aws-vpc",
            "aws_vpn_connection.aws-vpn-connection1",
            "aws_vpn_connection.aws-vpn-connection2",
            "aws_vpn_gateway.aws-vpn-gw",
            "google_compute_external_vpn_gateway.external_gateway",
            "google_compute_ha_vpn_gateway.gcp-vpn-gw",
            "google_compute_network.tcb-gcp-network",
            "google_compute_router.gcp-router4"
          ]
        }
      ]
    }
  ],
  "check_results": null
}
